<?xml version="1.0" encoding="utf-8"?>
<Project ToolsVersion="4.0" xmlns="http://schemas.microsoft.com/developer/msbuild/2003">
  <ItemGroup>
    <Filter Include="Source Files">
      <UniqueIdentifier>{4FC737F1-C7A5-4376-A066-2A32D752A2FF}</UniqueIdentifier>
      <Extensions>cpp;c;cc;cxx;def;odl;idl;hpj;bat;asm;asmx</Extensions>
    </Filter>
    <Filter Include="Source Files\D3D9">
      <UniqueIdentifier>{957f1907-4e62-4719-973f-f626be2333a0}</UniqueIdentifier>
    </Filter>
    <Filter Include="Source Files\D3D11">
      <UniqueIdentifier>{8de10e90-21bc-4d66-86b5-f9d3a7626721}</UniqueIdentifier>
    </Filter>
    <Filter Include="Resource Files">
      <UniqueIdentifier>{67DA6AB6-F800-4c08-8B7A-83BB121AAD01}</UniqueIdentifier>
      <Extensions>rc;ico;cur;bmp;dlg;rc2;rct;bin;rgs;gif;jpg;jpeg;jpe;resx;tiff;tif;png;wav</Extensions>
    </Filter>
    <Filter Include="Precompiled Header Files">
      <UniqueIdentifier>{468f37ce-b831-469b-9707-e0613796bfdb}</UniqueIdentifier>
    </Filter>
    <Filter Include="Interface Header Files">
      <UniqueIdentifier>{46b25a42-3c72-40cc-ac0c-6fd62604ca6e}</UniqueIdentifier>
    </Filter>
    <Filter Include="Header Files">
      <UniqueIdentifier>{93995380-89BD-4b04-88EB-625FBE52EBFB}</UniqueIdentifier>
      <Extensions>h;hpp;hxx;hm;inl;inc;xsd</Extensions>
    </Filter>
    <Filter Include="Header Files\D3D9">
      <UniqueIdentifier>{df656b17-4d9a-4ba5-8f81-f225f7552eba}</UniqueIdentifier>
    </Filter>
    <Filter Include="Header Files\D3D11">
      <UniqueIdentifier>{0991deaa-7101-4b83-accc-6e1070a07253}</UniqueIdentifier>
    </Filter>
  </ItemGroup>
  <ItemGroup>
    <ClCompile Include="source\Context.cpp">
      <Filter>Source Files</Filter>
    </ClCompile>
    <ClCompile Include="source\Format.cpp">
      <Filter>Source Files</Filter>
    </ClCompile>
    <ClCompile Include="source\Program.cpp">
      <Filter>Source Files</Filter>
    </ClCompile>
    <ClCompile Include="source\D3D9\Context_D3D9.cpp">
      <Filter>Source Files\D3D9</Filter>
    </ClCompile>
    <ClCompile Include="source\D3D9\FenceManager_D3D9.cpp">
      <Filter>Source Files\D3D9</Filter>
    </ClCompile>
    <ClCompile Include="source\D3D11\Context_D3D11.cpp">
      <Filter>Source Files\D3D11</Filter>
    </ClCompile>
    <ClCompile Include="source\D3D11\FenceManager_D3D11.cpp">
      <Filter>Source Files\D3D11</Filter>
    </ClCompile>
    <ClCompile Include="source\stdafx.cpp">
      <Filter>Precompiled Header Files</Filter>
    </ClCompile>
  </ItemGroup>
  <ItemGroup>
    <ClInclude Include="h\stdafx.h">
      <Filter>Precompiled Header Files</Filter>
    </ClInclude>
    <ClInclude Include="..\h\vd2\Tessa\Context.h">
      <Filter>Interface Header Files</Filter>
    </ClInclude>
    <ClInclude Include="..\h\vd2\Tessa\Format.h">
      <Filter>Interface Header Files</Filter>
    </ClInclude>
    <ClInclude Include="..\h\vd2\Tessa\Types.h">
      <Filter>Interface Header Files</Filter>
    </ClInclude>
    <ClInclude Include="h\Program.h">
      <Filter>Header Files</Filter>
    </ClInclude>
    <ClInclude Include="h\D3D9\Context_D3D9.h">
      <Filter>Header Files\D3D9</Filter>
    </ClInclude>
    <ClInclude Include="h\D3D9\FenceManager_D3D9.h">
      <Filter>Header Files\D3D9</Filter>
    </ClInclude>
    <ClInclude Include="h\D3D11\Context_D3D11.h">
      <Filter>Header Files\D3D11</Filter>
    </ClInclude>
    <ClInclude Include="h\D3D11\FenceManager_D3D11.h">
      <Filter>Header Files\D3D11</Filter>
    </ClInclude>
  </ItemGroup>
</Project>