<?xml version="1.0" encoding="utf-8"?>
<Project ToolsVersion="4.0" xmlns="http://schemas.microsoft.com/developer/msbuild/2003">
  <ItemGroup>
    <Filter Include="Source Files">
      <UniqueIdentifier>{b80fc401-4ddf-4bd0-ae89-7377ae78ed67}</UniqueIdentifier>
      <Extensions>cpp;c;cxx;rc;def;r;odl;idl;hpj;bat</Extensions>
    </Filter>
    <Filter Include="Header Files">
      <UniqueIdentifier>{c1f4158f-3371-40d3-a1ba-ca07a922d52d}</UniqueIdentifier>
      <Extensions>h;hpp;hxx;hm;inl</Extensions>
    </Filter>
    <Filter Include="Interface Files">
      <UniqueIdentifier>{b14115c1-6189-400d-be03-0e12dfc2cf91}</UniqueIdentifier>
    </Filter>
  </ItemGroup>
  <ItemGroup>
    <ClCompile Include="source\audioout.cpp">
      <Filter>Source Files</Filter>
    </ClCompile>
    <ClCompile Include="source\bitmap.cpp">
      <Filter>Source Files</Filter>
    </ClCompile>
    <ClCompile Include="source\audiooutxa2.cpp">
      <Filter>Source Files</Filter>
    </ClCompile>
    <ClCompile Include="source\audiooutwasapi.cpp">
      <Filter>Source Files</Filter>
    </ClCompile>
  </ItemGroup>
  <ItemGroup>
    <ClInclude Include="..\h\vd2\Riza\audioout.h">
      <Filter>Interface Files</Filter>
    </ClInclude>
    <ClInclude Include="..\h\vd2\Riza\avi.h">
      <Filter>Interface Files</Filter>
    </ClInclude>
    <ClInclude Include="..\h\vd2\Riza\bitmap.h">
      <Filter>Interface Files</Filter>
    </ClInclude>
  </ItemGroup>
</Project>