<?xml version="1.0" encoding="utf-8"?>
<Project ToolsVersion="4.0" xmlns="http://schemas.microsoft.com/developer/msbuild/2003">
  <ItemGroup>
    <ClCompile Include="source\propertyset.cpp">
      <Filter>Source Files</Filter>
    </ClCompile>
    <ClCompile Include="source\stdafx.cpp">
      <Filter>Source Files</Filter>
    </ClCompile>
    <ClCompile Include="source\deviceimpl.cpp">
      <Filter>Source Files</Filter>
    </ClCompile>
    <ClCompile Include="source\consoleoutput.cpp">
      <Filter>Source Files</Filter>
    </ClCompile>
    <ClCompile Include="source\memoryutils.cpp">
      <Filter>Source Files</Filter>
    </ClCompile>
    <ClCompile Include="source\logging.cpp">
      <Filter>Source Files</Filter>
    </ClCompile>
    <ClCompile Include="source\scheduler.cpp">
      <Filter>Source Files</Filter>
    </ClCompile>
    <ClCompile Include="source\profile.cpp">
      <Filter>Source Files</Filter>
    </ClCompile>
    <ClCompile Include="source\devicemanager.cpp">
      <Filter>Source Files</Filter>
    </ClCompile>
    <ClCompile Include="source\sioutils.cpp">
      <Filter>Source Files</Filter>
    </ClCompile>
    <ClCompile Include="source\progress.cpp">
      <Filter>Source Files</Filter>
    </ClCompile>
    <ClCompile Include="source\deferredevent.cpp">
      <Filter>Source Files</Filter>
    </ClCompile>
    <ClCompile Include="source\vfs.cpp">
      <Filter>Source Files</Filter>
    </ClCompile>
    <ClCompile Include="source\checksum.cpp">
      <Filter>Source Files</Filter>
    </ClCompile>
    <ClCompile Include="source\enumparse.cpp">
      <Filter>Source Files</Filter>
    </ClCompile>
    <ClCompile Include="source\deviceparentimpl.cpp">
      <Filter>Source Files</Filter>
    </ClCompile>
    <ClCompile Include="source\devicesioimpl.cpp">
      <Filter>Source Files</Filter>
    </ClCompile>
    <ClCompile Include="source\notifylist.cpp">
      <Filter>Source Files</Filter>
    </ClCompile>
    <ClCompile Include="source\address.cpp">
      <Filter>Source Files</Filter>
    </ClCompile>
    <ClCompile Include="source\bussignal.cpp">
      <Filter>Source Files</Filter>
    </ClCompile>
  </ItemGroup>
  <ItemGroup>
    <ClInclude Include="..\h\at\atcore\device.h">
      <Filter>Interface Files</Filter>
    </ClInclude>
    <ClInclude Include="..\h\at\atcore\propertyset.h">
      <Filter>Interface Files</Filter>
    </ClInclude>
    <ClInclude Include="h\stdafx.h">
      <Filter>Header Files</Filter>
    </ClInclude>
    <ClInclude Include="..\h\at\atcore\deviceimpl.h">
      <Filter>Interface Files</Filter>
    </ClInclude>
    <ClInclude Include="..\h\at\atcore\consoleoutput.h">
      <Filter>Interface Files</Filter>
    </ClInclude>
    <ClInclude Include="..\h\at\atcore\devicevideo.h">
      <Filter>Interface Files</Filter>
    </ClInclude>
    <ClInclude Include="..\h\at\atcore\devicesio.h">
      <Filter>Interface Files</Filter>
    </ClInclude>
    <ClInclude Include="..\h\at\atcore\deviceserial.h">
      <Filter>Interface Files</Filter>
    </ClInclude>
    <ClInclude Include="..\h\at\atcore\cio.h">
      <Filter>Interface Files</Filter>
    </ClInclude>
    <ClInclude Include="..\h\at\atcore\devicecio.h">
      <Filter>Interface Files</Filter>
    </ClInclude>
    <ClInclude Include="..\h\at\atcore\deviceprinter.h">
      <Filter>Interface Files</Filter>
    </ClInclude>
    <ClInclude Include="..\h\at\atcore\memoryutils.h">
      <Filter>Interface Files</Filter>
    </ClInclude>
    <ClInclude Include="..\h\at\atcore\logging.h">
      <Filter>Interface Files</Filter>
    </ClInclude>
    <ClInclude Include="..\h\at\atcore\deviceu1mb.h">
      <Filter>Interface Files</Filter>
    </ClInclude>
    <ClInclude Include="..\h\at\atcore\scheduler.h">
      <Filter>Interface Files</Filter>
    </ClInclude>
    <ClInclude Include="..\h\at\atcore\profile.h">
      <Filter>Interface Files</Filter>
    </ClInclude>
    <ClInclude Include="..\h\at\atcore\devicemanager.h">
      <Filter>Interface Files</Filter>
    </ClInclude>
    <ClInclude Include="..\h\at\atcore\sioutils.h">
      <Filter>Interface Files</Filter>
    </ClInclude>
    <ClInclude Include="..\h\at\atcore\progress.h">
      <Filter>Interface Files</Filter>
    </ClInclude>
    <ClInclude Include="..\h\at\atcore\notifylist.h">
      <Filter>Interface Files</Filter>
    </ClInclude>
    <ClInclude Include="..\h\at\atcore\deferredevent.h">
      <Filter>Interface Files</Filter>
    </ClInclude>
    <ClInclude Include="..\h\at\atcore\deviceport.h">
      <Filter>Interface Files</Filter>
    </ClInclude>
    <ClInclude Include="..\h\at\atcore\deviceindicators.h">
      <Filter>Interface Files</Filter>
    </ClInclude>
    <ClInclude Include="..\h\at\atcore\blockdevice.h">
      <Filter>Interface Files</Filter>
    </ClInclude>
    <ClInclude Include="..\h\at\atcore\media.h">
      <Filter>Interface Files</Filter>
    </ClInclude>
    <ClInclude Include="..\h\at\atcore\devicepbi.h">
      <Filter>Interface Files</Filter>
    </ClInclude>
    <ClInclude Include="..\h\at\atcore\devicecart.h">
      <Filter>Interface Files</Filter>
    </ClInclude>
    <ClInclude Include="..\h\at\atcore\vfs.h">
      <Filter>Interface Files</Filter>
    </ClInclude>
    <ClInclude Include="..\h\at\atcore\checksum.h">
      <Filter>Interface Files</Filter>
    </ClInclude>
    <ClInclude Include="..\h\at\atcore\audiosource.h">
      <Filter>Interface Files</Filter>
    </ClInclude>
    <ClInclude Include="..\h\at\atcore\intrin_sse2.h">
      <Filter>Interface Files</Filter>
    </ClInclude>
    <ClInclude Include="..\h\at\atcore\devicediskdrive.h">
      <Filter>Interface Files</Filter>
    </ClInclude>
    <ClInclude Include="..\h\at\atcore\wraptime.h">
      <Filter>Interface Files</Filter>
    </ClInclude>
    <ClInclude Include="..\h\at\atcore\constants.h">
      <Filter>Interface Files</Filter>
    </ClInclude>
    <ClInclude Include="..\h\at\atcore\devicesioimpl.h">
      <Filter>Interface Files</Filter>
    </ClInclude>
    <ClInclude Include="..\h\at\atcore\enumparse.h">
      <Filter>Interface Files</Filter>
    </ClInclude>
    <ClInclude Include="..\h\at\atcore\enumparseimpl.h">
      <Filter>Interface Files</Filter>
    </ClInclude>
    <ClInclude Include="..\h\at\atcore\deviceparent.h">
      <Filter>Interface Files</Filter>
    </ClInclude>
    <ClInclude Include="..\h\at\atcore\deviceparentimpl.h">
      <Filter>Interface Files</Filter>
    </ClInclude>
    <ClInclude Include="..\h\at\atcore\devicesystemcontrol.h">
      <Filter>Interface Files</Filter>
    </ClInclude>
    <ClInclude Include="..\h\at\atcore\audiomixer.h">
      <Filter>Interface Files</Filter>
    </ClInclude>
    <ClInclude Include="..\h\at\atcore\address.h">
      <Filter>Interface Files</Filter>
    </ClInclude>
    <ClInclude Include="..\h\at\atcore\intrin_neon.h">
      <Filter>Interface Files</Filter>
    </ClInclude>
    <ClInclude Include="..\h\at\atcore\bussignal.h">
      <Filter>Interface Files</Filter>
    </ClInclude>
  </ItemGroup>
  <ItemGroup>
    <Filter Include="Interface Files">
      <UniqueIdentifier>{68011acb-3a9e-47a3-87dc-9b8871b36fc9}</UniqueIdentifier>
    </Filter>
    <Filter Include="Source Files">
      <UniqueIdentifier>{659bebb6-cacc-4977-930f-22dbf8d94b2f}</UniqueIdentifier>
    </Filter>
    <Filter Include="Header Files">
      <UniqueIdentifier>{ee650614-e257-455e-adeb-e53d043cdadc}</UniqueIdentifier>
    </Filter>
  </ItemGroup>
</Project>