<?xml version="1.0" encoding="utf-8"?>
<Project ToolsVersion="4.0" xmlns="http://schemas.microsoft.com/developer/msbuild/2003">
  <ItemGroup>
    <Filter Include="Source Files">
      <UniqueIdentifier>{4FC737F1-C7A5-4376-A066-2A32D752A2FF}</UniqueIdentifier>
      <Extensions>xasm</Extensions>
    </Filter>
    <Filter Include="Source Files\BASIC">
      <UniqueIdentifier>{78b4447b-c53e-4708-9204-010d7f68d92f}</UniqueIdentifier>
    </Filter>
    <Filter Include="Source Files\NoKernel">
      <UniqueIdentifier>{6686f3cd-2108-4649-8183-830458e1ce58}</UniqueIdentifier>
    </Filter>
    <Filter Include="Source Files\SuperKernel">
      <UniqueIdentifier>{32eea715-b7d5-4625-8575-09dcc07d9268}</UniqueIdentifier>
    </Filter>
    <Filter Include="Source Files\NoCartridge">
      <UniqueIdentifier>{88947cff-de8f-4866-aba1-c79ab7ee1770}</UniqueIdentifier>
    </Filter>
    <Filter Include="Source Files\ATDiskLoader">
      <UniqueIdentifier>{c5101120-fe1f-4503-8822-1fc42c4be836}</UniqueIdentifier>
    </Filter>
    <Filter Include="Source Files\NoHDBIOS">
      <UniqueIdentifier>{958845ee-6d2b-42b1-ae51-bbff6590909c}</UniqueIdentifier>
    </Filter>
    <Filter Include="Source Files\NoGame">
      <UniqueIdentifier>{9b375407-cde4-48ca-b591-9a0e0b3ea9d8}</UniqueIdentifier>
    </Filter>
    <Filter Include="Source Files\Ultimate">
      <UniqueIdentifier>{52510e05-036a-412b-be25-3b3d25bdb08d}</UniqueIdentifier>
    </Filter>
    <Filter Include="Source Files\Shared">
      <UniqueIdentifier>{638e4637-fd2c-4134-b66b-86f772ae20cf}</UniqueIdentifier>
    </Filter>
    <Filter Include="Source Files\BootSector">
      <UniqueIdentifier>{7e5b7e60-1ab1-4492-8a16-1d0af991030d}</UniqueIdentifier>
    </Filter>
    <Filter Include="Source Files\850">
      <UniqueIdentifier>{f59ba2e1-667d-4d5e-ad4b-40b14b69a3a7}</UniqueIdentifier>
    </Filter>
    <Filter Include="Source Files\Additions">
      <UniqueIdentifier>{e8029d0c-33ca-4f5e-8c15-1b22a7bc25ce}</UniqueIdentifier>
    </Filter>
    <Filter Include="Header Files">
      <UniqueIdentifier>{93995380-89BD-4b04-88EB-625FBE52EBFB}</UniqueIdentifier>
      <Extensions>h;hpp;hxx;hm;inl;inc;xsd</Extensions>
    </Filter>
    <Filter Include="Resource Files">
      <UniqueIdentifier>{67DA6AB6-F800-4c08-8B7A-83BB121AAD01}</UniqueIdentifier>
      <Extensions>rc;ico;cur;bmp;dlg;rc2;rct;bin;rgs;gif;jpg;jpeg;jpe;resx;tiff;tif;png;wav</Extensions>
    </Filter>
    <Filter Include="Source Files\1030">
      <UniqueIdentifier>{44640368-f314-4969-8581-d59d33cd3191}</UniqueIdentifier>
    </Filter>
    <Filter Include="Source Files\Placeholders">
      <UniqueIdentifier>{745fa111-d5de-4ce4-aa58-b831dfc7f511}</UniqueIdentifier>
    </Filter>
    <Filter Include="Source Files\ExeLoader">
      <UniqueIdentifier>{cf2ba6e4-2137-4189-996a-f904611199a2}</UniqueIdentifier>
    </Filter>
    <Filter Include="Source Files\SAPPlayers">
      <UniqueIdentifier>{66bdecc0-48d4-431f-81e5-afce5ec74a24}</UniqueIdentifier>
    </Filter>
    <Filter Include="Source Files\PBIDisk">
      <UniqueIdentifier>{93e8b816-9a5d-4358-b38c-984644856998}</UniqueIdentifier>
    </Filter>
    <Filter Include="Source Files\Rapidus">
      <UniqueIdentifier>{56013b1b-af0f-4e6e-b37f-a6293be32a6f}</UniqueIdentifier>
    </Filter>
  </ItemGroup>
  <ItemGroup>
    <None Include="source\loader.xasm">
      <Filter>Source Files</Filter>
    </None>
    <None Include="source\main.xasm">
      <Filter>Source Files</Filter>
    </None>
    <None Include="source\softkick.s">
      <Filter>Source Files</Filter>
    </None>
    <None Include="source\BASIC\main.xasm">
      <Filter>Source Files\BASIC</Filter>
    </None>
    <None Include="source\NoKernel\main.xasm">
      <Filter>Source Files\NoKernel</Filter>
    </None>
    <None Include="source\SuperKernel\includes.xasm">
      <Filter>Source Files\SuperKernel</Filter>
    </None>
    <None Include="source\SuperKernel\main.xasm">
      <Filter>Source Files\SuperKernel</Filter>
    </None>
    <None Include="source\ATDiskLoader\main.s">
      <Filter>Source Files\ATDiskLoader</Filter>
    </None>
    <None Include="source\NoHDBIOS\main.s">
      <Filter>Source Files\NoHDBIOS</Filter>
    </None>
    <None Include="source\NoGame\main.s">
      <Filter>Source Files\NoGame</Filter>
    </None>
    <None Include="source\Ultimate\bios.s">
      <Filter>Source Files\Ultimate</Filter>
    </None>
    <None Include="source\Ultimate\kernel.s">
      <Filter>Source Files\Ultimate</Filter>
    </None>
    <None Include="source\Ultimate\main.s">
      <Filter>Source Files\Ultimate</Filter>
    </None>
    <None Include="source\Shared\atarifont.inc">
      <Filter>Source Files\Shared</Filter>
    </None>
    <None Include="source\Shared\atariifont.inc">
      <Filter>Source Files\Shared</Filter>
    </None>
    <None Include="source\Shared\blackboard.s">
      <Filter>Source Files\Shared</Filter>
    </None>
    <None Include="source\Shared\boot.s">
      <Filter>Source Files\Shared</Filter>
    </None>
    <None Include="source\Shared\bootscreen.s">
      <Filter>Source Files\Shared</Filter>
    </None>
    <None Include="source\Shared\cassette.s">
      <Filter>Source Files\Shared</Filter>
    </None>
    <None Include="source\Shared\cio.inc">
      <Filter>Source Files\Shared</Filter>
    </None>
    <None Include="source\Shared\cio.s">
      <Filter>Source Files\Shared</Filter>
    </None>
    <None Include="source\Shared\disk.s">
      <Filter>Source Files\Shared</Filter>
    </None>
    <None Include="source\Shared\driveimage.inc">
      <Filter>Source Files\Shared</Filter>
    </None>
    <None Include="source\Shared\editor.s">
      <Filter>Source Files\Shared</Filter>
    </None>
    <None Include="source\Shared\hardware.inc">
      <Filter>Source Files\Shared</Filter>
    </None>
    <None Include="source\Shared\init.s">
      <Filter>Source Files\Shared</Filter>
    </None>
    <None Include="source\Shared\interrupt.s">
      <Filter>Source Files\Shared</Filter>
    </None>
    <None Include="source\Shared\irq.s">
      <Filter>Source Files\Shared</Filter>
    </None>
    <None Include="source\Shared\kerneldb.inc">
      <Filter>Source Files\Shared</Filter>
    </None>
    <None Include="source\Shared\keyboard.s">
      <Filter>Source Files\Shared</Filter>
    </None>
    <None Include="source\Shared\keytable.s">
      <Filter>Source Files\Shared</Filter>
    </None>
    <None Include="source\Shared\mathpack.s">
      <Filter>Source Files\Shared</Filter>
    </None>
    <None Include="source\Shared\misc.s">
      <Filter>Source Files\Shared</Filter>
    </None>
    <None Include="source\Shared\pbi.s">
      <Filter>Source Files\Shared</Filter>
    </None>
    <None Include="source\Shared\phandler.s">
      <Filter>Source Files\Shared</Filter>
    </None>
    <None Include="source\Shared\printer.s">
      <Filter>Source Files\Shared</Filter>
    </None>
    <None Include="source\Shared\screen.s">
      <Filter>Source Files\Shared</Filter>
    </None>
    <None Include="source\Shared\screenext.s">
      <Filter>Source Files\Shared</Filter>
    </None>
    <None Include="source\Shared\selftestentry.s">
      <Filter>Source Files\Shared</Filter>
    </None>
    <None Include="source\Shared\sio.inc">
      <Filter>Source Files\Shared</Filter>
    </None>
    <None Include="source\Shared\sio.s">
      <Filter>Source Files\Shared</Filter>
    </None>
    <None Include="source\Shared\vbi.s">
      <Filter>Source Files\Shared</Filter>
    </None>
    <None Include="source\BootSector\bootsecdos2.s">
      <Filter>Source Files\BootSector</Filter>
    </None>
    <None Include="source\850\handler.s">
      <Filter>Source Files\850</Filter>
    </None>
    <None Include="source\850\relocator.s">
      <Filter>Source Files\850</Filter>
    </None>
    <None Include="source\Additions\boot850.s">
      <Filter>Source Files\Additions</Filter>
    </None>
    <None Include="source\Additions\dos.s">
      <Filter>Source Files\Additions</Filter>
    </None>
    <None Include="source\Additions\filelist.txt">
      <Filter>Source Files\Additions</Filter>
    </None>
    <None Include="source\Additions\rhnd850.s">
      <Filter>Source Files\Additions</Filter>
    </None>
    <None Include="source\Additions\xep80.s">
      <Filter>Source Files\Additions</Filter>
    </None>
    <None Include="source\Additions\xep80handler.s">
      <Filter>Source Files\Additions</Filter>
    </None>
    <None Include="Makefile" />
    <None Include="source\1030\handler.s">
      <Filter>Source Files\1030</Filter>
    </None>
    <None Include="source\Additions\boot1030.s">
      <Filter>Source Files\Additions</Filter>
    </None>
    <None Include="source\Additions\thnd1030.s">
      <Filter>Source Files\Additions</Filter>
    </None>
    <None Include="source\1030\firmware.s">
      <Filter>Source Files\1030</Filter>
    </None>
    <None Include="source\Additions\autorun.s">
      <Filter>Source Files\Additions</Filter>
    </None>
    <None Include="source\Additions\cp.s">
      <Filter>Source Files\Additions</Filter>
    </None>
    <None Include="source\Additions\sx212handler.s">
      <Filter>Source Files\Additions</Filter>
    </None>
    <None Include="source\Additions\sx212.s">
      <Filter>Source Files\Additions</Filter>
    </None>
    <None Include="source\Placeholders\nomio.s">
      <Filter>Source Files\Placeholders</Filter>
    </None>
    <None Include="source\ExeLoader\exeloader.s">
      <Filter>Source Files\ExeLoader</Filter>
    </None>
    <None Include="source\ExeLoader\exeloader-hispeed.s">
      <Filter>Source Files\ExeLoader</Filter>
    </None>
    <None Include="source\ExeLoader\exeloader-nobasic.s">
      <Filter>Source Files\ExeLoader</Filter>
    </None>
    <None Include="source\Shared\kernel.inc">
      <Filter>Source Files\Shared</Filter>
    </None>
    <None Include="source\Additions\colormap.s">
      <Filter>Source Files\Additions</Filter>
    </None>
    <None Include="source\SAPPlayers\playsap-r.s">
      <Filter>Source Files\SAPPlayers</Filter>
    </None>
    <None Include="source\SAPPlayers\playsap-b.s">
      <Filter>Source Files\SAPPlayers</Filter>
    </None>
    <None Include="source\SAPPlayers\playsap-c.s">
      <Filter>Source Files\SAPPlayers</Filter>
    </None>
    <None Include="source\SAPPlayers\playsap-d.s">
      <Filter>Source Files\SAPPlayers</Filter>
    </None>
    <None Include="source\NoCartridge\main.s">
      <Filter>Source Files\NoCartridge</Filter>
    </None>
    <None Include="source\PBIDisk\pbidisk.s">
      <Filter>Source Files\PBIDisk</Filter>
    </None>
    <None Include="source\Rapidus\rapidpbi16.s">
      <Filter>Source Files\Rapidus</Filter>
    </None>
    <None Include="source\Rapidus\rapidpbi8.s">
      <Filter>Source Files\Rapidus</Filter>
    </None>
    <None Include="source\Rapidus\rapidflash.s">
      <Filter>Source Files\Rapidus</Filter>
    </None>
    <None Include="source\Rapidus\rapidfirmware.s">
      <Filter>Source Files\Rapidus</Filter>
    </None>
    <None Include="source\Rapidus\rapidos.s">
      <Filter>Source Files\Rapidus</Filter>
    </None>
    <None Include="source\Shared\irq816.s">
      <Filter>Source Files\Shared</Filter>
    </None>
    <None Include="source\Shared\interrupt816.s">
      <Filter>Source Files\Shared</Filter>
    </None>
    <None Include="source\Shared\vbi816.s">
      <Filter>Source Files\Shared</Filter>
    </None>
    <None Include="source\Shared\init816.s">
      <Filter>Source Files\Shared</Filter>
    </None>
    <None Include="source\Shared\keyboard816.s">
      <Filter>Source Files\Shared</Filter>
    </None>
    <None Include="source\Shared\screenext816.s">
      <Filter>Source Files\Shared</Filter>
    </None>
    <None Include="source\Shared\syscall816.s">
      <Filter>Source Files\Shared</Filter>
    </None>
    <None Include="source\Shared\sysdev816.s">
      <Filter>Source Files\Shared</Filter>
    </None>
    <None Include="source\Shared\cio816.s">
      <Filter>Source Files\Shared</Filter>
    </None>
    <None Include="source\Shared\version.inc">
      <Filter>Source Files\Shared</Filter>
    </None>
  </ItemGroup>
  <ItemGroup>
    <ClCompile Include="source\Placeholders\noblackbox.s">
      <Filter>Source Files\Placeholders</Filter>
    </ClCompile>
  </ItemGroup>
  <ItemGroup>
    <Text Include="source\Additions\license.txt">
      <Filter>Source Files\Additions</Filter>
    </Text>
    <Text Include="source\Additions\loadexe.s">
      <Filter>Source Files\Additions</Filter>
    </Text>
  </ItemGroup>
</Project>