<?xml version="1.0" encoding="utf-8"?>
<Project ToolsVersion="4.0" xmlns="http://schemas.microsoft.com/developer/msbuild/2003">
  <ItemGroup>
    <Filter Include="Source Files">
      <UniqueIdentifier>{4FC737F1-C7A5-4376-A066-2A32D752A2FF}</UniqueIdentifier>
      <Extensions>cpp;c;cc;cxx;def;odl;idl;hpj;bat;asm;asmx</Extensions>
    </Filter>
    <Filter Include="Header Files">
      <UniqueIdentifier>{93995380-89BD-4b04-88EB-625FBE52EBFB}</UniqueIdentifier>
      <Extensions>h;hh;hpp;hxx;hm;inl;inc;xsd</Extensions>
    </Filter>
    <Filter Include="Resource Files">
      <UniqueIdentifier>{67DA6AB6-F800-4c08-8B7A-83BB121AAD01}</UniqueIdentifier>
      <Extensions>rc;ico;cur;bmp;dlg;rc2;rct;bin;rgs;gif;jpg;jpeg;jpe;resx;tiff;tif;png;wav;mfcribbon-ms</Extensions>
    </Filter>
    <Filter Include="Autogenerated Header Files">
      <UniqueIdentifier>{6dd5841e-1651-46ed-be41-d9f3cd195643}</UniqueIdentifier>
    </Filter>
    <Filter Include="Interface Header Files">
      <UniqueIdentifier>{dfb6432a-ac67-46c0-8c39-7bd44b34cd6c}</UniqueIdentifier>
    </Filter>
  </ItemGroup>
  <ItemGroup>
    <ClCompile Include="source\stdafx.cpp">
      <Filter>Source Files</Filter>
    </ClCompile>
    <ClCompile Include="source\diskfsdos2.cpp">
      <Filter>Source Files</Filter>
    </ClCompile>
    <ClCompile Include="source\diskfsdos3.cpp">
      <Filter>Source Files</Filter>
    </ClCompile>
    <ClCompile Include="source\diskfsarc.cpp">
      <Filter>Source Files</Filter>
    </ClCompile>
    <ClCompile Include="source\diskfssdx2.cpp">
      <Filter>Source Files</Filter>
    </ClCompile>
    <ClCompile Include="source\diskfssdx2util.cpp">
      <Filter>Source Files</Filter>
    </ClCompile>
    <ClCompile Include="source\diskfs.cpp">
      <Filter>Source Files</Filter>
    </ClCompile>
    <ClCompile Include="source\diskimage.cpp">
      <Filter>Source Files</Filter>
    </ClCompile>
    <ClCompile Include="source\cassetteblock.cpp">
      <Filter>Source Files</Filter>
    </ClCompile>
    <ClCompile Include="source\diskfsutil.cpp">
      <Filter>Source Files</Filter>
    </ClCompile>
    <ClCompile Include="source\cartridgeimage.cpp">
      <Filter>Source Files</Filter>
    </ClCompile>
    <ClCompile Include="source\cartridgetypes.cpp">
      <Filter>Source Files</Filter>
    </ClCompile>
    <ClCompile Include="source\wav.cpp">
      <Filter>Source Files</Filter>
    </ClCompile>
    <ClCompile Include="source\cassetteimage.cpp">
      <Filter>Source Files</Filter>
    </ClCompile>
    <ClCompile Include="source\blobimage.cpp">
      <Filter>Source Files</Filter>
    </ClCompile>
    <ClCompile Include="source\image.cpp">
      <Filter>Source Files</Filter>
    </ClCompile>
    <ClCompile Include="source\savestate.cpp">
      <Filter>Source Files</Filter>
    </ClCompile>
    <ClCompile Include="source\cassettedecoder.cpp">
      <Filter>Source Files</Filter>
    </ClCompile>
    <ClCompile Include="source\atfs.cpp">
      <Filter>Source Files</Filter>
    </ClCompile>
    <ClCompile Include="source\programimage.cpp">
      <Filter>Source Files</Filter>
    </ClCompile>
  </ItemGroup>
  <ItemGroup>
    <ClInclude Include="h\stdafx.h">
      <Filter>Header Files</Filter>
    </ClInclude>
    <ClInclude Include="..\h\at\atio\diskfs.h">
      <Filter>Interface Header Files</Filter>
    </ClInclude>
    <ClInclude Include="..\h\at\atio\diskimage.h">
      <Filter>Interface Header Files</Filter>
    </ClInclude>
    <ClInclude Include="..\h\at\atio\diskfssdx2util.h">
      <Filter>Interface Header Files</Filter>
    </ClInclude>
    <ClInclude Include="..\h\at\atio\diskfsdos2util.h">
      <Filter>Interface Header Files</Filter>
    </ClInclude>
    <ClInclude Include="..\h\at\atio\cassettedecoder.h">
      <Filter>Interface Header Files</Filter>
    </ClInclude>
    <ClInclude Include="..\h\at\atio\cassetteblock.h">
      <Filter>Interface Header Files</Filter>
    </ClInclude>
    <ClInclude Include="..\h\at\atio\cassetteimage.h">
      <Filter>Interface Header Files</Filter>
    </ClInclude>
    <ClInclude Include="..\h\at\atio\diskfsutil.h">
      <Filter>Interface Header Files</Filter>
    </ClInclude>
    <ClInclude Include="..\h\at\atio\cartridgeimage.h">
      <Filter>Interface Header Files</Filter>
    </ClInclude>
    <ClInclude Include="..\h\at\atio\cartridgetypes.h">
      <Filter>Interface Header Files</Filter>
    </ClInclude>
    <ClInclude Include="..\h\at\atio\wav.h">
      <Filter>Interface Header Files</Filter>
    </ClInclude>
    <ClInclude Include="..\h\at\atio\blobimage.h">
      <Filter>Interface Header Files</Filter>
    </ClInclude>
    <ClInclude Include="..\h\at\atio\image.h">
      <Filter>Interface Header Files</Filter>
    </ClInclude>
    <ClInclude Include="..\h\at\atio\savestate.h">
      <Filter>Interface Header Files</Filter>
    </ClInclude>
    <ClInclude Include="..\h\at\atio\atfs.h">
      <Filter>Interface Header Files</Filter>
    </ClInclude>
    <ClInclude Include="..\h\at\atio\programimage.h">
      <Filter>Interface Header Files</Filter>
    </ClInclude>
  </ItemGroup>
  <ItemGroup>
    <PackResource Include="..\..\out\Release\bootsecdos2.bin">
      <Filter>Resource Files</Filter>
    </PackResource>
  </ItemGroup>
  <ItemGroup>
    <None Include="autogen\bootsecdos2.inl">
      <Filter>Autogenerated Header Files</Filter>
    </None>
  </ItemGroup>
</Project>