<?xml version="1.0" encoding="utf-8"?>
<Project ToolsVersion="4.0" xmlns="http://schemas.microsoft.com/developer/msbuild/2003">
  <ItemGroup>
    <Filter Include="Source Files">
      <UniqueIdentifier>{4FC737F1-C7A5-4376-A066-2A32D752A2FF}</UniqueIdentifier>
      <Extensions>cpp;c;cc;cxx;def;odl;idl;hpj;bat;asm;asmx</Extensions>
    </Filter>
    <Filter Include="Header Files">
      <UniqueIdentifier>{93995380-89BD-4b04-88EB-625FBE52EBFB}</UniqueIdentifier>
      <Extensions>h;hh;hpp;hxx;hm;inl;inc;xsd</Extensions>
    </Filter>
    <Filter Include="Resource Files">
      <UniqueIdentifier>{67DA6AB6-F800-4c08-8B7A-83BB121AAD01}</UniqueIdentifier>
      <Extensions>rc;ico;cur;bmp;dlg;rc2;rct;bin;rgs;gif;jpg;jpeg;jpe;resx;tiff;tif;png;wav;mfcribbon-ms</Extensions>
    </Filter>
    <Filter Include="Interface Header Files">
      <UniqueIdentifier>{5092bc53-2599-47b9-956c-6b1bc2a47d83}</UniqueIdentifier>
    </Filter>
    <Filter Include="Autogenerated Files">
      <UniqueIdentifier>{165e2689-c4c0-4e73-bc16-89dc5841e2e6}</UniqueIdentifier>
    </Filter>
    <Filter Include="Autogen Source Files">
      <UniqueIdentifier>{902b3509-22f3-4c36-b28e-663240f660e3}</UniqueIdentifier>
    </Filter>
  </ItemGroup>
  <ItemGroup>
    <ClCompile Include="source\stdafx.cpp">
      <Filter>Source Files</Filter>
    </ClCompile>
    <ClCompile Include="source\diskdrive.cpp">
      <Filter>Source Files</Filter>
    </ClCompile>
    <ClCompile Include="source\devices.cpp">
      <Filter>Source Files</Filter>
    </ClCompile>
    <ClCompile Include="source\exeloader.cpp">
      <Filter>Source Files</Filter>
    </ClCompile>
    <ClCompile Include="source\corvus.cpp">
      <Filter>Source Files</Filter>
    </ClCompile>
    <ClCompile Include="source\dongle.cpp">
      <Filter>Source Files</Filter>
    </ClCompile>
    <ClCompile Include="source\sioclock.cpp">
      <Filter>Source Files</Filter>
    </ClCompile>
    <ClCompile Include="source\testdevicesiohs.cpp">
      <Filter>Source Files</Filter>
    </ClCompile>
    <ClCompile Include="source\testdevicesiopoll.cpp">
      <Filter>Source Files</Filter>
    </ClCompile>
    <ClCompile Include="source\loopback.cpp">
      <Filter>Source Files</Filter>
    </ClCompile>
    <ClCompile Include="source\modemsound.cpp">
      <Filter>Source Files</Filter>
    </ClCompile>
  </ItemGroup>
  <ItemGroup>
    <ClInclude Include="h\stdafx.h">
      <Filter>Header Files</Filter>
    </ClInclude>
    <ClInclude Include="h\diskdrive.h">
      <Filter>Header Files</Filter>
    </ClInclude>
    <ClInclude Include="..\h\at\atdevices\devices.h">
      <Filter>Interface Header Files</Filter>
    </ClInclude>
    <ClInclude Include="h\exeloader.h">
      <Filter>Header Files</Filter>
    </ClInclude>
    <ClInclude Include="h\at\atdevices\corvus.h">
      <Filter>Header Files</Filter>
    </ClInclude>
    <ClInclude Include="h\at\atdevices\dongle.h">
      <Filter>Header Files</Filter>
    </ClInclude>
    <ClInclude Include="..\h\at\atdevices\modemsound.h">
      <Filter>Header Files</Filter>
    </ClInclude>
  </ItemGroup>
  <ItemGroup>
    <PackResource Include="..\..\obj\Release\Kernel\exeloader.bin">
      <Filter>Autogen Source Files</Filter>
    </PackResource>
    <PackResource Include="..\..\obj\Release\Kernel\exeloader-hispeed.bin">
      <Filter>Autogen Source Files</Filter>
    </PackResource>
    <PackResource Include="..\..\obj\Release\Kernel\exeloader-0700.bin">
      <Filter>Autogen Source Files</Filter>
    </PackResource>
    <PackResource Include="..\..\obj\Release\Kernel\exeloader-hispeed-0700.bin">
      <Filter>Autogen Source Files</Filter>
    </PackResource>
    <PackResource Include="..\..\obj\Release\Kernel\exeloader-nobasic.bin">
      <Filter>Resource Files</Filter>
    </PackResource>
  </ItemGroup>
  <ItemGroup>
    <None Include="autogen\exeloader.inl">
      <Filter>Autogenerated Files</Filter>
    </None>
    <None Include="autogen\exeloader-hispeed.inl">
      <Filter>Autogenerated Files</Filter>
    </None>
    <None Include="autogen\exeloader-0700.inl">
      <Filter>Autogenerated Files</Filter>
    </None>
    <None Include="autogen\exeloader-hispeed-0700.inl">
      <Filter>Autogenerated Files</Filter>
    </None>
    <None Include="autogen\exeloader-nobasic.inl">
      <Filter>Autogenerated Files</Filter>
    </None>
  </ItemGroup>
</Project>