<?xml version="1.0" encoding="utf-8"?>
<Project ToolsVersion="4.0" xmlns="http://schemas.microsoft.com/developer/msbuild/2003">
  <ItemGroup>
    <ClCompile Include="source\stdafx.cpp">
      <Filter>Precompiled Header Files</Filter>
    </ClCompile>
    <ClCompile Include="source\jsonnametable.cpp">
      <Filter>Source Files</Filter>
    </ClCompile>
    <ClCompile Include="source\jsonreader.cpp">
      <Filter>Source Files</Filter>
    </ClCompile>
    <ClCompile Include="source\jsonvalue.cpp">
      <Filter>Source Files</Filter>
    </ClCompile>
    <ClCompile Include="source\jsonwriter.cpp">
      <Filter>Source Files</Filter>
    </ClCompile>
    <ClCompile Include="source\jsonoutput.cpp">
      <Filter>Source Files</Filter>
    </ClCompile>
  </ItemGroup>
  <ItemGroup>
    <ClInclude Include="..\h\vd2\vdjson\jsonnametable.h">
      <Filter>Interface Files</Filter>
    </ClInclude>
    <ClInclude Include="..\h\vd2\vdjson\jsonreader.h">
      <Filter>Interface Files</Filter>
    </ClInclude>
    <ClInclude Include="..\h\vd2\vdjson\jsonvalue.h">
      <Filter>Interface Files</Filter>
    </ClInclude>
    <ClInclude Include="..\h\vd2\vdjson\jsonwriter.h">
      <Filter>Interface Files</Filter>
    </ClInclude>
    <ClInclude Include="h\stdafx.h">
      <Filter>Precompiled Header Files</Filter>
    </ClInclude>
    <ClInclude Include="..\h\vd2\vdjson\jsonoutput.h">
      <Filter>Interface Files</Filter>
    </ClInclude>
  </ItemGroup>
  <ItemGroup>
    <Filter Include="Interface Files">
      <UniqueIdentifier>{2d6d2dcc-04aa-45de-afab-a798419273c1}</UniqueIdentifier>
    </Filter>
    <Filter Include="Precompiled Header Files">
      <UniqueIdentifier>{60766809-6435-49c9-938d-2e79ea690cb9}</UniqueIdentifier>
    </Filter>
    <Filter Include="Source Files">
      <UniqueIdentifier>{b83a4366-8275-4738-88fa-44672e5387ea}</UniqueIdentifier>
    </Filter>
  </ItemGroup>
</Project>