<?xml version="1.0" encoding="utf-8"?>
<Project ToolsVersion="4.0" xmlns="http://schemas.microsoft.com/developer/msbuild/2003">
  <ItemGroup>
    <Filter Include="Source Files">
      <UniqueIdentifier>{4FC737F1-C7A5-4376-A066-2A32D752A2FF}</UniqueIdentifier>
      <Extensions>cpp;c;cc;cxx;def;odl;idl;hpj;bat;asm;asmx</Extensions>
    </Filter>
    <Filter Include="Header Files">
      <UniqueIdentifier>{93995380-89BD-4b04-88EB-625FBE52EBFB}</UniqueIdentifier>
      <Extensions>h;hpp;hxx;hm;inl;inc;xsd</Extensions>
    </Filter>
    <Filter Include="Resource Files">
      <UniqueIdentifier>{67DA6AB6-F800-4c08-8B7A-83BB121AAD01}</UniqueIdentifier>
      <Extensions>rc;ico;cur;bmp;dlg;rc2;rct;bin;rgs;gif;jpg;jpeg;jpe;resx;tiff;tif;png;wav</Extensions>
    </Filter>
    <Filter Include="Precompiled Header Files">
      <UniqueIdentifier>{80584aa5-64d1-4237-baf6-e93ac3a2d4c3}</UniqueIdentifier>
    </Filter>
    <Filter Include="Interface Header Files">
      <UniqueIdentifier>{ccde367e-dacb-4e7c-ba56-56340761fc9c}</UniqueIdentifier>
    </Filter>
    <Filter Include="Shader Source Files">
      <UniqueIdentifier>{9ace4551-791b-4d2d-91be-2c6437b6f6a1}</UniqueIdentifier>
    </Filter>
    <Filter Include="Autogenerated Header Files">
      <UniqueIdentifier>{9ffa2eb4-533d-452e-b3e0-7a50dafbc569}</UniqueIdentifier>
    </Filter>
  </ItemGroup>
  <ItemGroup>
    <ClCompile Include="source\bicubic.cpp">
      <Filter>Source Files</Filter>
    </ClCompile>
    <ClCompile Include="source\directdraw.cpp">
      <Filter>Source Files</Filter>
    </ClCompile>
    <ClCompile Include="source\display.cpp">
      <Filter>Source Files</Filter>
    </ClCompile>
    <ClCompile Include="source\displaydrv.cpp">
      <Filter>Source Files</Filter>
    </ClCompile>
    <ClCompile Include="source\displaydrv3d.cpp">
      <Filter>Source Files</Filter>
    </ClCompile>
    <ClCompile Include="source\displaydrvddraw.cpp">
      <Filter>Source Files</Filter>
    </ClCompile>
    <ClCompile Include="source\displaygdi.cpp">
      <Filter>Source Files</Filter>
    </ClCompile>
    <ClCompile Include="source\displaymgr.cpp">
      <Filter>Source Files</Filter>
    </ClCompile>
    <ClCompile Include="source\displaynode3d.cpp">
      <Filter>Source Files</Filter>
    </ClCompile>
    <ClCompile Include="source\fontgdi.cpp">
      <Filter>Source Files</Filter>
    </ClCompile>
    <ClCompile Include="source\rendercache.cpp">
      <Filter>Source Files</Filter>
    </ClCompile>
    <ClCompile Include="source\renderer.cpp">
      <Filter>Source Files</Filter>
    </ClCompile>
    <ClCompile Include="source\renderer3d.cpp">
      <Filter>Source Files</Filter>
    </ClCompile>
    <ClCompile Include="source\rendererddraw.cpp">
      <Filter>Source Files</Filter>
    </ClCompile>
    <ClCompile Include="source\renderergdi.cpp">
      <Filter>Source Files</Filter>
    </ClCompile>
    <ClCompile Include="source\renderersoft.cpp">
      <Filter>Source Files</Filter>
    </ClCompile>
    <ClCompile Include="source\textrenderer.cpp">
      <Filter>Source Files</Filter>
    </ClCompile>
    <ClCompile Include="source\stdafx.cpp">
      <Filter>Precompiled Header Files</Filter>
    </ClCompile>
    <ClCompile Include="source\rendererd3d9.cpp">
      <Filter>Source Files</Filter>
    </ClCompile>
    <ClCompile Include="source\displaydrvd3d9.cpp">
      <Filter>Source Files</Filter>
    </ClCompile>
    <ClCompile Include="source\opengl.cpp">
      <Filter>Source Files</Filter>
    </ClCompile>
    <ClCompile Include="source\direct3d.cpp">
      <Filter>Source Files</Filter>
    </ClCompile>
    <ClCompile Include="source\displaydrvgl.cpp">
      <Filter>Source Files</Filter>
    </ClCompile>
    <ClCompile Include="source\minid3dx.cpp">
      <Filter>Source Files</Filter>
    </ClCompile>
    <ClCompile Include="source\customshaderd3d9.cpp">
      <Filter>Source Files</Filter>
    </ClCompile>
    <ClCompile Include="source\fontbitmap.cpp">
      <Filter>Source Files</Filter>
    </ClCompile>
    <ClCompile Include="source\logging.cpp">
      <Filter>Source Files</Filter>
    </ClCompile>
    <ClCompile Include="source\screenfx.cpp">
      <Filter>Source Files</Filter>
    </ClCompile>
  </ItemGroup>
  <ItemGroup>
    <ClInclude Include="h\bicubic.h">
      <Filter>Header Files</Filter>
    </ClInclude>
    <ClInclude Include="h\vd2\VDDisplay\internal\directdraw.h">
      <Filter>Header Files</Filter>
    </ClInclude>
    <ClInclude Include="h\displaydrv3d.h">
      <Filter>Header Files</Filter>
    </ClInclude>
    <ClInclude Include="h\displaymgr.h">
      <Filter>Header Files</Filter>
    </ClInclude>
    <ClInclude Include="h\displaynode3d.h">
      <Filter>Header Files</Filter>
    </ClInclude>
    <ClInclude Include="h\vd2\VDDisplay\internal\fontgdi.h">
      <Filter>Header Files</Filter>
    </ClInclude>
    <ClInclude Include="h\renderer3d.h">
      <Filter>Header Files</Filter>
    </ClInclude>
    <ClInclude Include="h\vd2\VDDisplay\internal\rendererddraw.h">
      <Filter>Header Files</Filter>
    </ClInclude>
    <ClInclude Include="h\vd2\VDDisplay\internal\renderergdi.h">
      <Filter>Header Files</Filter>
    </ClInclude>
    <ClInclude Include="h\stdafx.h">
      <Filter>Precompiled Header Files</Filter>
    </ClInclude>
    <ClInclude Include="..\h\vd2\VDDisplay\compositor.h">
      <Filter>Interface Header Files</Filter>
    </ClInclude>
    <ClInclude Include="..\h\vd2\VDDisplay\display.h">
      <Filter>Interface Header Files</Filter>
    </ClInclude>
    <ClInclude Include="..\h\vd2\VDDisplay\displaydrv.h">
      <Filter>Interface Header Files</Filter>
    </ClInclude>
    <ClInclude Include="..\h\vd2\VDDisplay\font.h">
      <Filter>Interface Header Files</Filter>
    </ClInclude>
    <ClInclude Include="..\h\vd2\VDDisplay\rendercache.h">
      <Filter>Interface Header Files</Filter>
    </ClInclude>
    <ClInclude Include="..\h\vd2\VDDisplay\renderer.h">
      <Filter>Interface Header Files</Filter>
    </ClInclude>
    <ClInclude Include="..\h\vd2\VDDisplay\renderersoft.h">
      <Filter>Interface Header Files</Filter>
    </ClInclude>
    <ClInclude Include="..\h\vd2\VDDisplay\textrenderer.h">
      <Filter>Interface Header Files</Filter>
    </ClInclude>
    <ClInclude Include="h\displaydrvd3d9.h">
      <Filter>Header Files</Filter>
    </ClInclude>
    <ClInclude Include="..\h\vd2\VDDisplay\direct3d.h">
      <Filter>Interface Header Files</Filter>
    </ClInclude>
    <ClInclude Include="..\h\vd2\VDDisplay\opengl.h">
      <Filter>Interface Header Files</Filter>
    </ClInclude>
    <ClInclude Include="..\h\vd2\VDDisplay\minid3dx.h">
      <Filter>Interface Header Files</Filter>
    </ClInclude>
    <ClInclude Include="h\vd2\VDDisplay\internal\customshaderd3d9.h">
      <Filter>Header Files</Filter>
    </ClInclude>
    <ClInclude Include="h\vd2\VDDisplay\internal\fontbitmap.h">
      <Filter>Header Files</Filter>
    </ClInclude>
    <ClInclude Include="..\h\vd2\VDDisplay\logging.h">
      <Filter>Interface Header Files</Filter>
    </ClInclude>
    <ClInclude Include="h\vd2\VDDisplay\internal\screenfx.h">
      <Filter>Header Files</Filter>
    </ClInclude>
  </ItemGroup>
  <ItemGroup>
    <None Include="shaders\bicubic.fxh">
      <Filter>Shader Source Files</Filter>
    </None>
    <None Include="shaders\pal8.fxh">
      <Filter>Shader Source Files</Filter>
    </None>
    <None Include="shaders\render.fxh">
      <Filter>Shader Source Files</Filter>
    </None>
    <None Include="shaders\rgb.fxh">
      <Filter>Shader Source Files</Filter>
    </None>
    <None Include="shaders\sysdefs.fxh">
      <Filter>Shader Source Files</Filter>
    </None>
    <None Include="shaders\utils.fxh">
      <Filter>Shader Source Files</Filter>
    </None>
    <None Include="shaders\ycbcr.fxh">
      <Filter>Shader Source Files</Filter>
    </None>
    <None Include="shaders\ycbcr_interleaved.fxh">
      <Filter>Shader Source Files</Filter>
    </None>
    <None Include="autogen\image_shader.inl">
      <Filter>Autogenerated Header Files</Filter>
    </None>
    <None Include="shaders\displayd3d9_stddefs.fxh">
      <Filter>Shader Source Files</Filter>
    </None>
    <None Include="shaders\displayd3d9_ps1.fxh">
      <Filter>Shader Source Files</Filter>
    </None>
    <None Include="shaders\displayd3d9_ps2.fxh">
      <Filter>Shader Source Files</Filter>
    </None>
    <None Include="autogen\displayd3d9_shader.inl">
      <Filter>Autogenerated Header Files</Filter>
    </None>
    <None Include="shaders\screenfx.fxh">
      <Filter>Shader Source Files</Filter>
    </None>
  </ItemGroup>
  <ItemGroup>
    <CustomBuild Include="shaders\image.fx">
      <Filter>Shader Source Files</Filter>
    </CustomBuild>
    <CustomBuild Include="shaders\displayd3d9.fx">
      <Filter>Shader Source Files</Filter>
    </CustomBuild>
  </ItemGroup>
</Project>