<?xml version="1.0" encoding="utf-8"?>
<Project ToolsVersion="4.0" xmlns="http://schemas.microsoft.com/developer/msbuild/2003">
  <ItemGroup>
    <Filter Include="Source Files">
      <UniqueIdentifier>{4FC737F1-C7A5-4376-A066-2A32D752A2FF}</UniqueIdentifier>
      <Extensions>cpp;c;cc;cxx;def;odl;idl;hpj;bat;asm;asmx</Extensions>
    </Filter>
    <Filter Include="Transforms">
      <UniqueIdentifier>{93995380-89BD-4b04-88EB-625FBE52EBFB}</UniqueIdentifier>
      <Extensions>xsl</Extensions>
    </Filter>
    <Filter Include="Stylesheets">
      <UniqueIdentifier>{67DA6AB6-F800-4c08-8B7A-83BB121AAD01}</UniqueIdentifier>
      <Extensions>css</Extensions>
    </Filter>
  </ItemGroup>
  <ItemGroup>
    <None Include="source\additions.xml">
      <Filter>Source Files</Filter>
    </None>
    <None Include="source\common-errors.xml">
      <Filter>Source Files</Filter>
    </None>
    <None Include="source\compatibility.xml">
      <Filter>Source Files</Filter>
    </None>
    <None Include="source\debug-basic.xml">
      <Filter>Source Files</Filter>
    </None>
    <None Include="source\debug-diagnostics.xml">
      <Filter>Source Files</Filter>
    </None>
    <None Include="source\debug-expressions.xml">
      <Filter>Source Files</Filter>
    </None>
    <None Include="source\debug-intro.xml">
      <Filter>Source Files</Filter>
    </None>
    <None Include="source\debug-logging.xml">
      <Filter>Source Files</Filter>
    </None>
    <None Include="source\debug-source.xml">
      <Filter>Source Files</Filter>
    </None>
    <None Include="source\devices-cartintro.xml">
      <Filter>Source Files</Filter>
    </None>
    <None Include="source\devices-serintro.xml">
      <Filter>Source Files</Filter>
    </None>
    <None Include="source\disk.xml">
      <Filter>Source Files</Filter>
    </None>
    <None Include="source\emulation-accuracy.xml">
      <Filter>Source Files</Filter>
    </None>
    <None Include="source\faq.xml">
      <Filter>Source Files</Filter>
    </None>
    <None Include="source\getting-started.xml">
      <Filter>Source Files</Filter>
    </None>
    <None Include="source\host-device.xml">
      <Filter>Source Files</Filter>
    </None>
    <None Include="source\index.xml">
      <Filter>Source Files</Filter>
    </None>
    <None Include="source\indicators.xml">
      <Filter>Source Files</Filter>
    </None>
    <None Include="source\input.xml">
      <Filter>Source Files</Filter>
    </None>
    <None Include="source\keyboard.xml">
      <Filter>Source Files</Filter>
    </None>
    <None Include="source\license.xml">
      <Filter>Source Files</Filter>
    </None>
    <None Include="source\myide.xml">
      <Filter>Source Files</Filter>
    </None>
    <None Include="source\options.xml">
      <Filter>Source Files</Filter>
    </None>
    <None Include="source\pclink.xml">
      <Filter>Source Files</Filter>
    </None>
    <None Include="source\portable-mode.xml">
      <Filter>Source Files</Filter>
    </None>
    <None Include="source\serial.xml">
      <Filter>Source Files</Filter>
    </None>
    <None Include="source\toc.xml">
      <Filter>Source Files</Filter>
    </None>
    <None Include="source\touch.xml">
      <Filter>Source Files</Filter>
    </None>
    <None Include="source\troubleshooting.xml">
      <Filter>Source Files</Filter>
    </None>
    <None Include="source\ultimate1mb.xml">
      <Filter>Source Files</Filter>
    </None>
    <None Include="source\vbxe.xml">
      <Filter>Source Files</Filter>
    </None>
    <None Include="source\xep80.xml">
      <Filter>Source Files</Filter>
    </None>
    <None Include="source\compatibility.xsl">
      <Filter>Transforms</Filter>
    </None>
    <None Include="source\index.xsl">
      <Filter>Transforms</Filter>
    </None>
    <None Include="source\toc.xsl">
      <Filter>Transforms</Filter>
    </None>
    <None Include="source\layout.css">
      <Filter>Stylesheets</Filter>
    </None>
    <None Include="source\athelp.hhc" />
    <None Include="source\athelp.hhp" />
    <None Include="source\athelp.hhw" />
    <None Include="source\debug-profiling.xml">
      <Filter>Source Files</Filter>
    </None>
    <None Include="source\colors.xml">
      <Filter>Source Files</Filter>
    </None>
  </ItemGroup>
  <ItemGroup>
    <Xml Include="source\1030.xml">
      <Filter>Source Files</Filter>
    </Xml>
    <Xml Include="source\using-the-emulated-computer.xml">
      <Filter>Source Files</Filter>
    </Xml>
    <Xml Include="source\sx212.xml">
      <Filter>Source Files</Filter>
    </Xml>
    <Xml Include="source\dragoncart.xml">
      <Filter>Source Files</Filter>
    </Xml>
    <Xml Include="source\devices-cassette.xml">
      <Filter>Source Files</Filter>
    </Xml>
    <Xml Include="source\devices-rtime8.xml">
      <Filter>Source Files</Filter>
    </Xml>
    <Xml Include="source\devices-corvus.xml">
      <Filter>Source Files</Filter>
    </Xml>
    <Xml Include="source\devices-pocketmodem.xml">
      <Filter>Source Files</Filter>
    </Xml>
    <Xml Include="source\options-system.xml">
      <Filter>Source Files</Filter>
    </Xml>
    <Xml Include="source\options-firmware.xml">
      <Filter>Source Files</Filter>
    </Xml>
    <Xml Include="source\options-hardware.xml">
      <Filter>Source Files</Filter>
    </Xml>
    <Xml Include="source\options-accel.xml">
      <Filter>Source Files</Filter>
    </Xml>
    <Xml Include="source\profiles.xml">
      <Filter>Source Files</Filter>
    </Xml>
    <Xml Include="source\systems-800.xml">
      <Filter>Source Files</Filter>
    </Xml>
    <Xml Include="source\systems-xlxe.xml">
      <Filter>Source Files</Filter>
    </Xml>
    <Xml Include="source\systems-xegs.xml">
      <Filter>Source Files</Filter>
    </Xml>
    <Xml Include="source\systems-5200.xml">
      <Filter>Source Files</Filter>
    </Xml>
    <Xml Include="source\systems-1200xl.xml">
      <Filter>Source Files</Filter>
    </Xml>
    <Xml Include="source\devices-blackbox.xml">
      <Filter>Source Files</Filter>
    </Xml>
    <Xml Include="source\devices-mio.xml">
      <Filter>Source Files</Filter>
    </Xml>
    <Xml Include="source\devices-fulldisk.xml">
      <Filter>Source Files</Filter>
    </Xml>
    <Xml Include="source\devices-indusgt.xml">
      <Filter>Source Files</Filter>
    </Xml>
    <Xml Include="source\devices-xf551.xml">
      <Filter>Source Files</Filter>
    </Xml>
    <Xml Include="source\devices-ideplus2.xml">
      <Filter>Source Files</Filter>
    </Xml>
    <Xml Include="source\devices-rapidus.xml">
      <Filter>Source Files</Filter>
    </Xml>
    <Xml Include="source\devices-speedy1050.xml">
      <Filter>Source Files</Filter>
    </Xml>
    <Xml Include="source\devices-isplate.xml">
      <Filter>Source Files</Filter>
    </Xml>
  </ItemGroup>
</Project>