<?xml version="1.0" encoding="utf-8"?>
<Project ToolsVersion="4.0" xmlns="http://schemas.microsoft.com/developer/msbuild/2003">
  <ItemGroup>
    <ClInclude Include="h\stdafx.h">
      <Filter>Precompiled Header Files</Filter>
    </ClInclude>
    <ClInclude Include="..\h\at\atdebugger\target.h">
      <Filter>Interface Header Files</Filter>
    </ClInclude>
    <ClInclude Include="..\h\at\atdebugger\historytree.h">
      <Filter>Interface Header Files</Filter>
    </ClInclude>
    <ClInclude Include="..\h\at\atdebugger\historytreebuilder.h">
      <Filter>Interface Header Files</Filter>
    </ClInclude>
    <ClInclude Include="..\h\at\atdebugger\breakpointsimpl.h">
      <Filter>Interface Header Files</Filter>
    </ClInclude>
    <ClInclude Include="..\h\at\atdebugger\argparse.h">
      <Filter>Interface Header Files</Filter>
    </ClInclude>
    <ClInclude Include="..\h\at\atdebugger\expression.h">
      <Filter>Interface Header Files</Filter>
    </ClInclude>
  </ItemGroup>
  <ItemGroup>
    <Filter Include="Header Files">
      <UniqueIdentifier>{b02c8f27-ec6d-4061-b0fe-7c20436702bf}</UniqueIdentifier>
      <Extensions>h;hh;hpp;hxx;hm;inl;inc;xsd</Extensions>
    </Filter>
    <Filter Include="Source Files">
      <UniqueIdentifier>{18979e7d-8673-4ee8-b073-9c39685cb37c}</UniqueIdentifier>
      <Extensions>cpp;c;cc;cxx;def;odl;idl;hpj;bat;asm;asmx</Extensions>
    </Filter>
    <Filter Include="Precompiled Header Files">
      <UniqueIdentifier>{831cb491-2752-4e89-aff0-f9defd3db827}</UniqueIdentifier>
    </Filter>
    <Filter Include="Interface Header Files">
      <UniqueIdentifier>{0bd43822-f965-4629-b5e8-f29f805d2880}</UniqueIdentifier>
    </Filter>
  </ItemGroup>
  <ItemGroup>
    <ClCompile Include="source\stdafx.cpp">
      <Filter>Precompiled Header Files</Filter>
    </ClCompile>
    <ClCompile Include="source\historytree.cpp">
      <Filter>Source Files</Filter>
    </ClCompile>
    <ClCompile Include="source\historytreebuilder.cpp">
      <Filter>Source Files</Filter>
    </ClCompile>
    <ClCompile Include="source\breakpointsimpl.cpp">
      <Filter>Source Files</Filter>
    </ClCompile>
  </ItemGroup>
</Project>