<?xml version="1.0" encoding="utf-8"?>
<Project ToolsVersion="4.0" xmlns="http://schemas.microsoft.com/developer/msbuild/2003">
  <ItemGroup>
    <Filter Include="Source Files">
      <UniqueIdentifier>{5ce51570-9d97-4bc7-bf91-e40c7c2b1dfd}</UniqueIdentifier>
      <Extensions>cpp;c;cxx;rc;def;r;odl;idl;hpj;bat</Extensions>
    </Filter>
    <Filter Include="Header Files">
      <UniqueIdentifier>{60a5fa9c-977e-476f-a4e9-11d9d20dc171}</UniqueIdentifier>
      <Extensions>h;hpp;hxx;hm;inl</Extensions>
    </Filter>
    <Filter Include="Win32 Source Files">
      <UniqueIdentifier>{4944da12-cab8-46e5-aee8-1b7fae6368d9}</UniqueIdentifier>
    </Filter>
    <Filter Include="Win32 Header Files">
      <UniqueIdentifier>{a5826711-2266-4e3a-a3b9-11853f2a9cf8}</UniqueIdentifier>
    </Filter>
    <Filter Include="Interface files">
      <UniqueIdentifier>{860a9818-d471-4862-a69c-0f263e96fd8c}</UniqueIdentifier>
    </Filter>
    <Filter Include="PCH Source Files">
      <UniqueIdentifier>{bf76f588-3645-435f-8254-2105521764af}</UniqueIdentifier>
    </Filter>
  </ItemGroup>
  <ItemGroup>
    <ClCompile Include="source\accel.cpp">
      <Filter>Source Files</Filter>
    </ClCompile>
    <ClCompile Include="source\services.cpp">
      <Filter>Source Files</Filter>
    </ClCompile>
    <ClCompile Include="source\w32accel.cpp">
      <Filter>Win32 Source Files</Filter>
    </ClCompile>
    <ClCompile Include="source\stdafx.cpp">
      <Filter>PCH Source Files</Filter>
    </ClCompile>
  </ItemGroup>
  <ItemGroup>
    <ClInclude Include="..\h\vd2\Dita\w32accel.h">
      <Filter>Win32 Header Files</Filter>
    </ClInclude>
    <ClInclude Include="..\h\vd2\Dita\accel.h">
      <Filter>Interface files</Filter>
    </ClInclude>
    <ClInclude Include="..\h\VD2\Dita\services.h">
      <Filter>Interface files</Filter>
    </ClInclude>
    <ClInclude Include="h\stdafx.h">
      <Filter>PCH Source Files</Filter>
    </ClInclude>
  </ItemGroup>
</Project>