<?xml version="1.0" encoding="utf-8"?>
<Project ToolsVersion="4.0" xmlns="http://schemas.microsoft.com/developer/msbuild/2003">
  <ItemGroup>
    <Filter Include="Source Files">
      <UniqueIdentifier>{4FC737F1-C7A5-4376-A066-2A32D752A2FF}</UniqueIdentifier>
      <Extensions>cpp;c;cc;cxx;def;odl;idl;hpj;bat;asm;asmx</Extensions>
    </Filter>
    <Filter Include="Header Files">
      <UniqueIdentifier>{93995380-89BD-4b04-88EB-625FBE52EBFB}</UniqueIdentifier>
      <Extensions>h;hh;hpp;hxx;hm;inl;inc;xsd</Extensions>
    </Filter>
    <Filter Include="Resource Files">
      <UniqueIdentifier>{67DA6AB6-F800-4c08-8B7A-83BB121AAD01}</UniqueIdentifier>
      <Extensions>rc;ico;cur;bmp;dlg;rc2;rct;bin;rgs;gif;jpg;jpeg;jpe;resx;tiff;tif;png;wav;mfcribbon-ms</Extensions>
    </Filter>
    <Filter Include="Interface Header Files">
      <UniqueIdentifier>{96ecc229-addd-4679-899c-a273729dc8a8}</UniqueIdentifier>
    </Filter>
  </ItemGroup>
  <ItemGroup>
    <ClCompile Include="source\stdafx.cpp">
      <Filter>Source Files</Filter>
    </ClCompile>
    <ClCompile Include="source\co65802.cpp">
      <Filter>Source Files</Filter>
    </ClCompile>
    <ClCompile Include="source\decode65816.cpp">
      <Filter>Source Files</Filter>
    </ClCompile>
    <ClCompile Include="source\coz80.cpp">
      <Filter>Source Files</Filter>
    </ClCompile>
    <ClCompile Include="source\decodez80.cpp">
      <Filter>Source Files</Filter>
    </ClCompile>
    <ClCompile Include="source\co8048.cpp">
      <Filter>Source Files</Filter>
    </ClCompile>
    <ClCompile Include="source\co6809.cpp">
      <Filter>Source Files</Filter>
    </ClCompile>
    <ClCompile Include="source\memorymap.cpp">
      <Filter>Source Files</Filter>
    </ClCompile>
    <ClCompile Include="source\decode6809.cpp">
      <Filter>Source Files</Filter>
    </ClCompile>
    <ClCompile Include="source\co6502.cpp">
      <Filter>Source Files</Filter>
    </ClCompile>
    <ClCompile Include="source\decode6502.cpp">
      <Filter>Source Files</Filter>
    </ClCompile>
    <ClCompile Include="source\co6502machine.cpp">
      <Filter>Source Files</Filter>
    </ClCompile>
  </ItemGroup>
  <ItemGroup>
    <ClInclude Include="h\stdafx.h">
      <Filter>Header Files</Filter>
    </ClInclude>
    <ClInclude Include="..\h\at\atcpu\co65802.h">
      <Filter>Interface Header Files</Filter>
    </ClInclude>
    <ClInclude Include="..\h\at\atcpu\decode65816.h">
      <Filter>Interface Header Files</Filter>
    </ClInclude>
    <ClInclude Include="..\h\at\atcpu\states.h">
      <Filter>Interface Header Files</Filter>
    </ClInclude>
    <ClInclude Include="..\h\at\atcpu\execstate.h">
      <Filter>Interface Header Files</Filter>
    </ClInclude>
    <ClInclude Include="..\h\at\atcpu\history.h">
      <Filter>Interface Header Files</Filter>
    </ClInclude>
    <ClInclude Include="..\h\at\atcpu\breakpoints.h">
      <Filter>Interface Header Files</Filter>
    </ClInclude>
    <ClInclude Include="..\h\at\atcpu\coz80.h">
      <Filter>Interface Header Files</Filter>
    </ClInclude>
    <ClInclude Include="..\h\at\atcpu\memorymap.h">
      <Filter>Interface Header Files</Filter>
    </ClInclude>
    <ClInclude Include="..\h\at\atcpu\decodez80.h">
      <Filter>Interface Header Files</Filter>
    </ClInclude>
    <ClInclude Include="..\h\at\atcpu\statesz80.h">
      <Filter>Interface Header Files</Filter>
    </ClInclude>
    <ClInclude Include="..\h\at\atcpu\co8048.h">
      <Filter>Interface Header Files</Filter>
    </ClInclude>
    <ClInclude Include="..\h\at\atcpu\co6809.h">
      <Filter>Interface Header Files</Filter>
    </ClInclude>
    <ClInclude Include="..\h\at\atcpu\decode6809.h">
      <Filter>Interface Header Files</Filter>
    </ClInclude>
    <ClInclude Include="..\h\at\atcpu\states6809.h">
      <Filter>Interface Header Files</Filter>
    </ClInclude>
    <ClInclude Include="..\h\at\atcpu\co6502.h">
      <Filter>Interface Header Files</Filter>
    </ClInclude>
    <ClInclude Include="..\h\at\atcpu\decode6502.h">
      <Filter>Interface Header Files</Filter>
    </ClInclude>
    <ClInclude Include="..\h\at\atcpu\states6502.h">
      <Filter>Interface Header Files</Filter>
    </ClInclude>
  </ItemGroup>
  <ItemGroup>
    <None Include="h\co65802.inl">
      <Filter>Header Files</Filter>
    </None>
    <None Include="h\coz80.inl">
      <Filter>Header Files</Filter>
    </None>
    <None Include="h\co6809.inl">
      <Filter>Header Files</Filter>
    </None>
  </ItemGroup>
</Project>