<?xml version="1.0" encoding="utf-8"?>
<Project ToolsVersion="4.0" xmlns="http://schemas.microsoft.com/developer/msbuild/2003">
  <ItemGroup>
    <Filter Include="Source Files">
      <UniqueIdentifier>{4FC737F1-C7A5-4376-A066-2A32D752A2FF}</UniqueIdentifier>
      <Extensions>cpp;c;cc;cxx;def;odl;idl;hpj;bat;asm;asmx</Extensions>
    </Filter>
    <Filter Include="Header Files">
      <UniqueIdentifier>{93995380-89BD-4b04-88EB-625FBE52EBFB}</UniqueIdentifier>
      <Extensions>h;hpp;hxx;hm;inl;inc;xsd</Extensions>
    </Filter>
    <Filter Include="Resource Files">
      <UniqueIdentifier>{67DA6AB6-F800-4c08-8B7A-83BB121AAD01}</UniqueIdentifier>
      <Extensions>rc;ico;cur;bmp;dlg;rc2;rct;bin;rgs;gif;jpg;jpeg;jpe;resx;tiff;tif;png;wav</Extensions>
    </Filter>
    <Filter Include="Precompiled Headers">
      <UniqueIdentifier>{3249c478-b5ba-4769-9735-fc055331016a}</UniqueIdentifier>
    </Filter>
    <Filter Include="Autogenerated Files">
      <UniqueIdentifier>{adf2c209-f685-469a-bd0e-9b91a7652d26}</UniqueIdentifier>
    </Filter>
    <Filter Include="Data Files">
      <UniqueIdentifier>{fffb7c3f-2bd9-41a5-a9cc-2acbfa429c1f}</UniqueIdentifier>
    </Filter>
    <Filter Include="Manifest Files">
      <UniqueIdentifier>{38df1d5e-3df8-4216-8ac4-895401f70ab5}</UniqueIdentifier>
    </Filter>
    <Filter Include="Assembly Files">
      <UniqueIdentifier>{1fa3a2a9-bd9a-4b89-8bdd-35976a24ccfc}</UniqueIdentifier>
      <Extensions>asm</Extensions>
    </Filter>
    <Filter Include="Source Files - Device Configuration UI">
      <UniqueIdentifier>{2c1fc8b8-2286-437f-8687-4d8c5cdf4fbd}</UniqueIdentifier>
    </Filter>
    <Filter Include="Autogen Intermediate Files">
      <UniqueIdentifier>{8f265e47-a0f5-48ff-b7cd-7e2ef9366686}</UniqueIdentifier>
    </Filter>
  </ItemGroup>
  <ItemGroup>
    <ClCompile Include="source\about.cpp">
      <Filter>Source Files</Filter>
    </ClCompile>
    <ClCompile Include="source\allocator.cpp">
      <Filter>Source Files</Filter>
    </ClCompile>
    <ClCompile Include="source\antic.cpp">
      <Filter>Source Files</Filter>
    </ClCompile>
    <ClCompile Include="source\artifacting.cpp">
      <Filter>Source Files</Filter>
    </ClCompile>
    <ClCompile Include="source\artifacting_ntsc_sse2.cpp">
      <Filter>Source Files</Filter>
    </ClCompile>
    <ClCompile Include="source\artifacting_pal_scalar.cpp">
      <Filter>Source Files</Filter>
    </ClCompile>
    <ClCompile Include="source\artifacting_pal_sse2.cpp">
      <Filter>Source Files</Filter>
    </ClCompile>
    <ClCompile Include="source\artifacting_pal_sse2_intrin.cpp">
      <Filter>Source Files</Filter>
    </ClCompile>
    <ClCompile Include="source\artifacting_sse2_intrin.cpp">
      <Filter>Source Files</Filter>
    </ClCompile>
    <ClCompile Include="source\assembler.cpp">
      <Filter>Source Files</Filter>
    </ClCompile>
    <ClCompile Include="source\audiofilters.cpp">
      <Filter>Source Files</Filter>
    </ClCompile>
    <ClCompile Include="source\audiomonitor.cpp">
      <Filter>Source Files</Filter>
    </ClCompile>
    <ClCompile Include="source\audiooutput.cpp">
      <Filter>Source Files</Filter>
    </ClCompile>
    <ClCompile Include="source\audiowriter.cpp">
      <Filter>Source Files</Filter>
    </ClCompile>
    <ClCompile Include="source\aviwriter.cpp">
      <Filter>Source Files</Filter>
    </ClCompile>
    <ClCompile Include="source\bkptmanager.cpp">
      <Filter>Source Files</Filter>
    </ClCompile>
    <ClCompile Include="source\cartdetect.cpp">
      <Filter>Source Files</Filter>
    </ClCompile>
    <ClCompile Include="source\cartridge.cpp">
      <Filter>Source Files</Filter>
    </ClCompile>
    <ClCompile Include="source\cassette.cpp">
      <Filter>Source Files</Filter>
    </ClCompile>
    <ClCompile Include="source\cheatengine.cpp">
      <Filter>Source Files</Filter>
    </ClCompile>
    <ClCompile Include="source\common_png.cpp">
      <Filter>Source Files</Filter>
    </ClCompile>
    <ClCompile Include="source\console.cpp">
      <Filter>Source Files</Filter>
    </ClCompile>
    <ClCompile Include="source\covox.cpp">
      <Filter>Source Files</Filter>
    </ClCompile>
    <ClCompile Include="source\cpu.cpp">
      <Filter>Source Files</Filter>
    </ClCompile>
    <ClCompile Include="source\cpu6502.cpp">
      <Filter>Source Files</Filter>
    </ClCompile>
    <ClCompile Include="source\cpu6502ill.cpp">
      <Filter>Source Files</Filter>
    </ClCompile>
    <ClCompile Include="source\cpu65c02.cpp">
      <Filter>Source Files</Filter>
    </ClCompile>
    <ClCompile Include="source\cpu65c816.cpp">
      <Filter>Source Files</Filter>
    </ClCompile>
    <ClCompile Include="source\cpuhookmanager.cpp">
      <Filter>Source Files</Filter>
    </ClCompile>
    <ClCompile Include="source\cs8900a.cpp">
      <Filter>Source Files</Filter>
    </ClCompile>
    <ClCompile Include="source\debugdisplay.cpp">
      <Filter>Source Files</Filter>
    </ClCompile>
    <ClCompile Include="source\debugger.cpp">
      <Filter>Source Files</Filter>
    </ClCompile>
    <ClCompile Include="source\debuggerexp.cpp">
      <Filter>Source Files</Filter>
    </ClCompile>
    <ClCompile Include="source\debuggerlog.cpp">
      <Filter>Source Files</Filter>
    </ClCompile>
    <ClCompile Include="source\decmath.cpp">
      <Filter>Source Files</Filter>
    </ClCompile>
    <ClCompile Include="source\directorywatcher.cpp">
      <Filter>Source Files</Filter>
    </ClCompile>
    <ClCompile Include="source\disasm.cpp">
      <Filter>Source Files</Filter>
    </ClCompile>
    <ClCompile Include="source\disk.cpp">
      <Filter>Source Files</Filter>
    </ClCompile>
    <ClCompile Include="source\diskvirtimage.cpp">
      <Filter>Source Files</Filter>
    </ClCompile>
    <ClCompile Include="source\diskvirtimagesdfs.cpp">
      <Filter>Source Files</Filter>
    </ClCompile>
    <ClCompile Include="source\dragoncart.cpp">
      <Filter>Source Files</Filter>
    </ClCompile>
    <ClCompile Include="source\encode_png.cpp">
      <Filter>Source Files</Filter>
    </ClCompile>
    <ClCompile Include="source\firmwaredetect.cpp">
      <Filter>Source Files</Filter>
    </ClCompile>
    <ClCompile Include="source\firmwaremanager.cpp">
      <Filter>Source Files</Filter>
    </ClCompile>
    <ClCompile Include="source\gtia.cpp">
      <Filter>Source Files</Filter>
    </ClCompile>
    <ClCompile Include="source\gtiarenderer.cpp">
      <Filter>Source Files</Filter>
    </ClCompile>
    <ClCompile Include="source\gtiatables.cpp">
      <Filter>Source Files</Filter>
    </ClCompile>
    <ClCompile Include="source\hlebasicloader.cpp">
      <Filter>Source Files</Filter>
    </ClCompile>
    <ClCompile Include="source\hleciohook.cpp">
      <Filter>Source Files</Filter>
    </ClCompile>
    <ClCompile Include="source\hlefastboothook.cpp">
      <Filter>Source Files</Filter>
    </ClCompile>
    <ClCompile Include="source\hlefpaccelerator.cpp">
      <Filter>Source Files</Filter>
    </ClCompile>
    <ClCompile Include="source\hleprogramloader.cpp">
      <Filter>Source Files</Filter>
    </ClCompile>
    <ClCompile Include="source\hleutils.cpp">
      <Filter>Source Files</Filter>
    </ClCompile>
    <ClCompile Include="source\hostdevice.cpp">
      <Filter>Source Files</Filter>
    </ClCompile>
    <ClCompile Include="source\hostdeviceutils.cpp">
      <Filter>Source Files</Filter>
    </ClCompile>
    <ClCompile Include="source\ide.cpp">
      <Filter>Source Files</Filter>
    </ClCompile>
    <ClCompile Include="source\idephysdisk.cpp">
      <Filter>Source Files</Filter>
    </ClCompile>
    <ClCompile Include="source\iderawimage.cpp">
      <Filter>Source Files</Filter>
    </ClCompile>
    <ClCompile Include="source\idevhdimage.cpp">
      <Filter>Source Files</Filter>
    </ClCompile>
    <ClCompile Include="source\inputcontroller.cpp">
      <Filter>Source Files</Filter>
    </ClCompile>
    <ClCompile Include="source\inputmanager.cpp">
      <Filter>Source Files</Filter>
    </ClCompile>
    <ClCompile Include="source\irqcontroller.cpp">
      <Filter>Source Files</Filter>
    </ClCompile>
    <ClCompile Include="source\joystick.cpp">
      <Filter>Source Files</Filter>
    </ClCompile>
    <ClCompile Include="source\kmkjzide.cpp">
      <Filter>Source Files</Filter>
    </ClCompile>
    <ClCompile Include="source\leakdetector.cpp">
      <Filter>Source Files</Filter>
    </ClCompile>
    <ClCompile Include="source\main.cpp">
      <Filter>Source Files</Filter>
    </ClCompile>
    <ClCompile Include="source\memorymanager.cpp">
      <Filter>Source Files</Filter>
    </ClCompile>
    <ClCompile Include="source\mmu.cpp">
      <Filter>Source Files</Filter>
    </ClCompile>
    <ClCompile Include="source\modem.cpp">
      <Filter>Source Files</Filter>
    </ClCompile>
    <ClCompile Include="source\modemtcp.cpp">
      <Filter>Source Files</Filter>
    </ClCompile>
    <ClCompile Include="source\myide.cpp">
      <Filter>Source Files</Filter>
    </ClCompile>
    <ClCompile Include="source\options.cpp">
      <Filter>Source Files</Filter>
    </ClCompile>
    <ClCompile Include="source\oshelper.cpp">
      <Filter>Source Files</Filter>
    </ClCompile>
    <ClCompile Include="source\pbi.cpp">
      <Filter>Source Files</Filter>
    </ClCompile>
    <ClCompile Include="source\pclink.cpp">
      <Filter>Source Files</Filter>
    </ClCompile>
    <ClCompile Include="source\pclink_win32.cpp">
      <Filter>Source Files</Filter>
    </ClCompile>
    <ClCompile Include="source\pia.cpp">
      <Filter>Source Files</Filter>
    </ClCompile>
    <ClCompile Include="source\pokey.cpp">
      <Filter>Source Files</Filter>
    </ClCompile>
    <ClCompile Include="source\pokeyrenderer.cpp">
      <Filter>Source Files</Filter>
    </ClCompile>
    <ClCompile Include="source\pokeytables.cpp">
      <Filter>Source Files</Filter>
    </ClCompile>
    <ClCompile Include="source\printer.cpp">
      <Filter>Source Files</Filter>
    </ClCompile>
    <ClCompile Include="source\profiler.cpp">
      <Filter>Source Files</Filter>
    </ClCompile>
    <ClCompile Include="source\profilerui.cpp">
      <Filter>Source Files</Filter>
    </ClCompile>
    <ClCompile Include="source\rs232.cpp">
      <Filter>Source Files</Filter>
    </ClCompile>
    <ClCompile Include="source\rtime8.cpp">
      <Filter>Source Files</Filter>
    </ClCompile>
    <ClCompile Include="source\savestate.cpp">
      <Filter>Source Files</Filter>
    </ClCompile>
    <ClCompile Include="source\side.cpp">
      <Filter>Source Files</Filter>
    </ClCompile>
    <ClCompile Include="source\simeventmanager.cpp">
      <Filter>Source Files</Filter>
    </ClCompile>
    <ClCompile Include="source\simulator.cpp">
      <Filter>Source Files</Filter>
    </ClCompile>
    <ClCompile Include="source\siomanager.cpp">
      <Filter>Source Files</Filter>
    </ClCompile>
    <ClCompile Include="source\slightsid.cpp">
      <Filter>Source Files</Filter>
    </ClCompile>
    <ClCompile Include="source\soundboard.cpp">
      <Filter>Source Files</Filter>
    </ClCompile>
    <ClCompile Include="source\symbols.cpp">
      <Filter>Source Files</Filter>
    </ClCompile>
    <ClCompile Include="source\textdom.cpp">
      <Filter>Source Files</Filter>
    </ClCompile>
    <ClCompile Include="source\texteditor.cpp">
      <Filter>Source Files</Filter>
    </ClCompile>
    <ClCompile Include="source\ui.cpp">
      <Filter>Source Files</Filter>
    </ClCompile>
    <ClCompile Include="source\uiabout.cpp">
      <Filter>Source Files</Filter>
    </ClCompile>
    <ClCompile Include="source\uiaudiooptions.cpp">
      <Filter>Source Files</Filter>
    </ClCompile>
    <ClCompile Include="source\uicaptionupdater.cpp">
      <Filter>Source Files</Filter>
    </ClCompile>
    <ClCompile Include="source\uicartmapper.cpp">
      <Filter>Source Files</Filter>
    </ClCompile>
    <ClCompile Include="source\uicheater.cpp">
      <Filter>Source Files</Filter>
    </ClCompile>
    <ClCompile Include="source\uicolors.cpp">
      <Filter>Source Files</Filter>
    </ClCompile>
    <ClCompile Include="source\uicommondialogs.cpp">
      <Filter>Source Files</Filter>
    </ClCompile>
    <ClCompile Include="source\uidebugfont.cpp">
      <Filter>Source Files</Filter>
    </ClCompile>
    <ClCompile Include="source\uidisk.cpp">
      <Filter>Source Files</Filter>
    </ClCompile>
    <ClCompile Include="source\uidiskexplorer.cpp">
      <Filter>Source Files</Filter>
    </ClCompile>
    <ClCompile Include="source\uidisplay.cpp">
      <Filter>Source Files</Filter>
    </ClCompile>
    <ClCompile Include="source\uidragdrop.cpp">
      <Filter>Source Files</Filter>
    </ClCompile>
    <ClCompile Include="source\uidragoncart.cpp">
      <Filter>Source Files</Filter>
    </ClCompile>
    <ClCompile Include="source\uiemuerror.cpp">
      <Filter>Source Files</Filter>
    </ClCompile>
    <ClCompile Include="source\uienhancedtext.cpp">
      <Filter>Source Files</Filter>
    </ClCompile>
    <ClCompile Include="source\uifileassoc.cpp">
      <Filter>Source Files</Filter>
    </ClCompile>
    <ClCompile Include="source\uifilebrowser.cpp">
      <Filter>Source Files</Filter>
    </ClCompile>
    <ClCompile Include="source\uifirmware.cpp">
      <Filter>Source Files</Filter>
    </ClCompile>
    <ClCompile Include="source\uifirmwaremenu.cpp">
      <Filter>Source Files</Filter>
    </ClCompile>
    <ClCompile Include="source\uifirmwarescan.cpp">
      <Filter>Source Files</Filter>
    </ClCompile>
    <ClCompile Include="source\uihostdevice.cpp">
      <Filter>Source Files</Filter>
    </ClCompile>
    <ClCompile Include="source\uiinput.cpp">
      <Filter>Source Files</Filter>
    </ClCompile>
    <ClCompile Include="source\uiinputrebind.cpp">
      <Filter>Source Files</Filter>
    </ClCompile>
    <ClCompile Include="source\uiinstance.cpp">
      <Filter>Source Files</Filter>
    </ClCompile>
    <ClCompile Include="source\uikeyboard.cpp">
      <Filter>Source Files</Filter>
    </ClCompile>
    <ClCompile Include="source\uilightpen.cpp">
      <Filter>Source Files</Filter>
    </ClCompile>
    <ClCompile Include="source\uimenu.cpp">
      <Filter>Source Files</Filter>
    </ClCompile>
    <ClCompile Include="source\uimessagebox.cpp">
      <Filter>Source Files</Filter>
    </ClCompile>
    <ClCompile Include="source\uimrulist.cpp">
      <Filter>Source Files</Filter>
    </ClCompile>
    <ClCompile Include="source\uionscreenkeyboard.cpp">
      <Filter>Source Files</Filter>
    </ClCompile>
    <ClCompile Include="source\uioptions.cpp">
      <Filter>Source Files</Filter>
    </ClCompile>
    <ClCompile Include="source\uipclink.cpp">
      <Filter>Source Files</Filter>
    </ClCompile>
    <ClCompile Include="source\uiphysdisk.cpp">
      <Filter>Source Files</Filter>
    </ClCompile>
    <ClCompile Include="source\uiportmenus.cpp">
      <Filter>Source Files</Filter>
    </ClCompile>
    <ClCompile Include="source\uiprofiler.cpp">
      <Filter>Source Files</Filter>
    </ClCompile>
    <ClCompile Include="source\uiprogress.cpp">
      <Filter>Source Files</Filter>
    </ClCompile>
    <ClCompile Include="source\uiqueue.cpp">
      <Filter>Source Files</Filter>
    </ClCompile>
    <ClCompile Include="source\uiregistry.cpp">
      <Filter>Source Files</Filter>
    </ClCompile>
    <ClCompile Include="source\uirender.cpp">
      <Filter>Source Files</Filter>
    </ClCompile>
    <ClCompile Include="source\uitapecontrol.cpp">
      <Filter>Source Files</Filter>
    </ClCompile>
    <ClCompile Include="source\uiverifier.cpp">
      <Filter>Source Files</Filter>
    </ClCompile>
    <ClCompile Include="source\uivideodisplaywindow.cpp">
      <Filter>Source Files</Filter>
    </ClCompile>
    <ClCompile Include="source\uivideorecording.cpp">
      <Filter>Source Files</Filter>
    </ClCompile>
    <ClCompile Include="source\ultimate1mb.cpp">
      <Filter>Source Files</Filter>
    </ClCompile>
    <ClCompile Include="source\vbxe.cpp">
      <Filter>Source Files</Filter>
    </ClCompile>
    <ClCompile Include="source\verifier.cpp">
      <Filter>Source Files</Filter>
    </ClCompile>
    <ClCompile Include="source\videowriter.cpp">
      <Filter>Source Files</Filter>
    </ClCompile>
    <ClCompile Include="source\virtualscreen.cpp">
      <Filter>Source Files</Filter>
    </ClCompile>
    <ClCompile Include="source\xep80.cpp">
      <Filter>Source Files</Filter>
    </ClCompile>
    <ClCompile Include="source\stdafx.cpp">
      <Filter>Precompiled Headers</Filter>
    </ClCompile>
    <ClCompile Include="source\blackbox.cpp">
      <Filter>Source Files</Filter>
    </ClCompile>
    <ClCompile Include="source\uidevices.cpp">
      <Filter>Source Files</Filter>
    </ClCompile>
    <ClCompile Include="source\scsidisk.cpp">
      <Filter>Source Files</Filter>
    </ClCompile>
    <ClCompile Include="source\idediskdevices.cpp">
      <Filter>Source Files</Filter>
    </ClCompile>
    <ClCompile Include="source\mio.cpp">
      <Filter>Source Files</Filter>
    </ClCompile>
    <ClCompile Include="source\uisettingswindow.cpp">
      <Filter>Source Files</Filter>
    </ClCompile>
    <ClCompile Include="source\uisettingsmain.cpp">
      <Filter>Source Files</Filter>
    </ClCompile>
    <ClCompile Include="source\uifilefilters.cpp">
      <Filter>Source Files</Filter>
    </ClCompile>
    <ClCompile Include="source\1030.cpp">
      <Filter>Source Files</Filter>
    </ClCompile>
    <ClCompile Include="source\sx212.cpp">
      <Filter>Source Files</Filter>
    </ClCompile>
    <ClCompile Include="source\midimate.cpp">
      <Filter>Source Files</Filter>
    </ClCompile>
    <ClCompile Include="source\sdrive.cpp">
      <Filter>Source Files</Filter>
    </ClCompile>
    <ClCompile Include="source\veronica.cpp">
      <Filter>Source Files</Filter>
    </ClCompile>
    <ClCompile Include="source\debugtarget.cpp">
      <Filter>Source Files</Filter>
    </ClCompile>
    <ClCompile Include="source\rverter.cpp">
      <Filter>Source Files</Filter>
    </ClCompile>
    <ClCompile Include="source\sio2sd.cpp">
      <Filter>Source Files</Filter>
    </ClCompile>
    <ClCompile Include="source\uiconf850.cpp">
      <Filter>Source Files - Device Configuration UI</Filter>
    </ClCompile>
    <ClCompile Include="source\uiconfblackbox.cpp">
      <Filter>Source Files - Device Configuration UI</Filter>
    </ClCompile>
    <ClCompile Include="source\uiconfdev1030.cpp">
      <Filter>Source Files - Device Configuration UI</Filter>
    </ClCompile>
    <ClCompile Include="source\uiconfdevsx212.cpp">
      <Filter>Source Files - Device Configuration UI</Filter>
    </ClCompile>
    <ClCompile Include="source\uiconfharddisk.cpp">
      <Filter>Source Files - Device Configuration UI</Filter>
    </ClCompile>
    <ClCompile Include="source\uiconfmodem.cpp">
      <Filter>Source Files - Device Configuration UI</Filter>
    </ClCompile>
    <ClCompile Include="source\uiconfregister.cpp">
      <Filter>Source Files - Device Configuration UI</Filter>
    </ClCompile>
    <ClCompile Include="source\uiconfveronica.cpp">
      <Filter>Source Files - Device Configuration UI</Filter>
    </ClCompile>
    <ClCompile Include="source\uiconfsoundboard.cpp">
      <Filter>Source Files - Device Configuration UI</Filter>
    </ClCompile>
    <ClCompile Include="source\vs2013x64crashfix.cpp">
      <Filter>Source Files</Filter>
    </ClCompile>
    <ClCompile Include="source\artifacting_ntsc_sse2_intrin.cpp">
      <Filter>Source Files</Filter>
    </ClCompile>
    <ClCompile Include="source\uiinputsetup.cpp">
      <Filter>Source Files</Filter>
    </ClCompile>
    <ClCompile Include="source\uikeyboardcustomize.cpp">
      <Filter>Source Files</Filter>
    </ClCompile>
    <ClCompile Include="source\sapwriter.cpp">
      <Filter>Source Files</Filter>
    </ClCompile>
    <ClCompile Include="source\sapconverter.cpp">
      <Filter>Source Files</Filter>
    </ClCompile>
    <ClCompile Include="source\devices.cpp">
      <Filter>Source Files</Filter>
    </ClCompile>
    <ClCompile Include="source\cmds.cpp">
      <Filter>Source Files</Filter>
    </ClCompile>
    <ClCompile Include="source\uiclipboard.cpp">
      <Filter>Source Files</Filter>
    </ClCompile>
    <ClCompile Include="source\cmdview.cpp">
      <Filter>Source Files</Filter>
    </ClCompile>
    <ClCompile Include="source\cmdaudio.cpp">
      <Filter>Source Files</Filter>
    </ClCompile>
    <ClCompile Include="source\cmdsystem.cpp">
      <Filter>Source Files</Filter>
    </ClCompile>
    <ClCompile Include="source\cmdcart.cpp">
      <Filter>Source Files</Filter>
    </ClCompile>
    <ClCompile Include="source\cmdwindow.cpp">
      <Filter>Source Files</Filter>
    </ClCompile>
    <ClCompile Include="source\cmddebug.cpp">
      <Filter>Source Files</Filter>
    </ClCompile>
    <ClCompile Include="source\uimainwindow.cpp">
      <Filter>Source Files</Filter>
    </ClCompile>
    <ClCompile Include="source\settings.cpp">
      <Filter>Source Files</Filter>
    </ClCompile>
    <ClCompile Include="source\uiprofiles.cpp">
      <Filter>Source Files</Filter>
    </ClCompile>
    <ClCompile Include="source\uiprofilemenu.cpp">
      <Filter>Source Files</Filter>
    </ClCompile>
    <ClCompile Include="source\pocketmodem.cpp">
      <Filter>Source Files</Filter>
    </ClCompile>
    <ClCompile Include="source\uiconfdevpocketmodem.cpp">
      <Filter>Source Files - Device Configuration UI</Filter>
    </ClCompile>
    <ClCompile Include="source\uiconfdevcorvus.cpp">
      <Filter>Source Files - Device Configuration UI</Filter>
    </ClCompile>
    <ClCompile Include="source\cartridgeport.cpp">
      <Filter>Source Files</Filter>
    </ClCompile>
    <ClCompile Include="source\uiconfmyide2.cpp">
      <Filter>Source Files - Device Configuration UI</Filter>
    </ClCompile>
    <ClCompile Include="source\uiconfdevdongle.cpp">
      <Filter>Source Files - Device Configuration UI</Filter>
    </ClCompile>
    <ClCompile Include="source\uisetupwizard.cpp">
      <Filter>Source Files</Filter>
    </ClCompile>
    <ClCompile Include="source\pbidisk.cpp">
      <Filter>Source Files</Filter>
    </ClCompile>
    <ClCompile Include="source\uiconfdevkmkjzide2.cpp">
      <Filter>Source Files - Device Configuration UI</Filter>
    </ClCompile>
    <ClCompile Include="source\uiconfdevcovox.cpp">
      <Filter>Source Files - Device Configuration UI</Filter>
    </ClCompile>
    <ClCompile Include="source\uicompatdb.cpp">
      <Filter>Source Files</Filter>
    </ClCompile>
    <ClCompile Include="source\cmdtools.cpp">
      <Filter>Source Files</Filter>
    </ClCompile>
    <ClCompile Include="source\compatedb.cpp">
      <Filter>Source Files</Filter>
    </ClCompile>
    <ClCompile Include="source\compatdb.cpp">
      <Filter>Source Files</Filter>
    </ClCompile>
    <ClCompile Include="source\uicompat.cpp">
      <Filter>Source Files</Filter>
    </ClCompile>
    <ClCompile Include="source\compatengine.cpp">
      <Filter>Source Files</Filter>
    </ClCompile>
    <ClCompile Include="source\uiconfdevkmkjzide.cpp">
      <Filter>Source Files - Device Configuration UI</Filter>
    </ClCompile>
    <ClCompile Include="source\uiexportroms.cpp">
      <Filter>Source Files</Filter>
    </ClCompile>
    <ClCompile Include="source\diskdrivefull.cpp">
      <Filter>Source Files</Filter>
    </ClCompile>
    <ClCompile Include="source\fdc.cpp">
      <Filter>Source Files</Filter>
    </ClCompile>
    <ClCompile Include="source\diskdriveindusgt.cpp">
      <Filter>Source Files</Filter>
    </ClCompile>
    <ClCompile Include="source\diskdrivexf551.cpp">
      <Filter>Source Files</Filter>
    </ClCompile>
    <ClCompile Include="source\audiorawsource.cpp">
      <Filter>Source Files</Filter>
    </ClCompile>
    <ClCompile Include="source\diskinterface.cpp">
      <Filter>Source Files</Filter>
    </ClCompile>
    <ClCompile Include="source\uiconfdiskdrivefull.cpp">
      <Filter>Source Files - Device Configuration UI</Filter>
    </ClCompile>
    <ClCompile Include="source\diskdriveatr8000.cpp">
      <Filter>Source Files</Filter>
    </ClCompile>
    <ClCompile Include="source\uiconfdevatr8000.cpp">
      <Filter>Source Files - Device Configuration UI</Filter>
    </ClCompile>
    <ClCompile Include="source\diskdrivepercom.cpp">
      <Filter>Source Files</Filter>
    </ClCompile>
    <ClCompile Include="source\uiconfdevpercom.cpp">
      <Filter>Source Files - Device Configuration UI</Filter>
    </ClCompile>
    <ClCompile Include="source\browser.cpp">
      <Filter>Source Files</Filter>
    </ClCompile>
    <ClCompile Include="source\uiconfdevvbxe.cpp">
      <Filter>Source Files - Device Configuration UI</Filter>
    </ClCompile>
    <ClCompile Include="source\uitraceviewer.cpp">
      <Filter>Source Files</Filter>
    </ClCompile>
    <ClCompile Include="source\trace.cpp">
      <Filter>Source Files</Filter>
    </ClCompile>
    <ClCompile Include="source\cputracer.cpp">
      <Filter>Source Files</Filter>
    </ClCompile>
    <ClCompile Include="source\tracevideo.cpp">
      <Filter>Source Files</Filter>
    </ClCompile>
    <ClCompile Include="source\decode_png.cpp">
      <Filter>Source Files</Filter>
    </ClCompile>
    <ClCompile Include="source\tracecpu.cpp">
      <Filter>Source Files</Filter>
    </ClCompile>
    <ClCompile Include="source\uihistoryview.cpp">
      <Filter>Source Files</Filter>
    </ClCompile>
    <ClCompile Include="source\xelcf.cpp">
      <Filter>Source Files</Filter>
    </ClCompile>
    <ClCompile Include="source\tracetape.cpp">
      <Filter>Source Files</Filter>
    </ClCompile>
    <ClCompile Include="source\rapidus.cpp">
      <Filter>Source Files</Filter>
    </ClCompile>
    <ClCompile Include="source\cpuheatmap.cpp">
      <Filter>Source Files</Filter>
    </ClCompile>
    <ClCompile Include="source\uipageddialog.cpp">
      <Filter>Source Files</Filter>
    </ClCompile>
    <ClCompile Include="source\uiconfiguresystem.cpp">
      <Filter>Source Files</Filter>
    </ClCompile>
    <ClCompile Include="source\cmdcpu.cpp">
      <Filter>Source Files</Filter>
    </ClCompile>
    <ClCompile Include="source\uiconfirm.cpp">
      <Filter>Source Files</Filter>
    </ClCompile>
    <ClCompile Include="source\constants.cpp">
      <Filter>Source Files</Filter>
    </ClCompile>
    <ClCompile Include="source\cmdinput.cpp">
      <Filter>Source Files</Filter>
    </ClCompile>
    <ClCompile Include="source\audiosampleplayer.cpp">
      <Filter>Source Files</Filter>
    </ClCompile>
    <ClCompile Include="source\diskdrivefullbase.cpp">
      <Filter>Source Files</Filter>
    </ClCompile>
    <ClCompile Include="source\artifacting_ntsc_neon.cpp">
      <Filter>Source Files</Filter>
    </ClCompile>
    <ClCompile Include="source\artifacting_neon.cpp">
      <Filter>Source Files</Filter>
    </ClCompile>
    <ClCompile Include="source\debuggerautotest.cpp">
      <Filter>Source Files</Filter>
    </ClCompile>
    <ClCompile Include="source\warpos.cpp">
      <Filter>Source Files</Filter>
    </ClCompile>
    <ClCompile Include="source\uiscreeneffects.cpp">
      <Filter>Source Files</Filter>
    </ClCompile>
    <ClCompile Include="source\cmdcassette.cpp">
      <Filter>Source Files</Filter>
    </ClCompile>
  </ItemGroup>
  <ItemGroup>
    <ClInclude Include="h\antic.h">
      <Filter>Header Files</Filter>
    </ClInclude>
    <ClInclude Include="h\artifacting.h">
      <Filter>Header Files</Filter>
    </ClInclude>
    <ClInclude Include="h\artifacting_filters.h">
      <Filter>Header Files</Filter>
    </ClInclude>
    <ClInclude Include="h\audiofilters.h">
      <Filter>Header Files</Filter>
    </ClInclude>
    <ClInclude Include="h\audiomonitor.h">
      <Filter>Header Files</Filter>
    </ClInclude>
    <ClInclude Include="h\audiooutput.h">
      <Filter>Header Files</Filter>
    </ClInclude>
    <ClInclude Include="h\audiowriter.h">
      <Filter>Header Files</Filter>
    </ClInclude>
    <ClInclude Include="h\aviwriter.h">
      <Filter>Header Files</Filter>
    </ClInclude>
    <ClInclude Include="h\bkptmanager.h">
      <Filter>Header Files</Filter>
    </ClInclude>
    <ClInclude Include="h\callback.h">
      <Filter>Header Files</Filter>
    </ClInclude>
    <ClInclude Include="h\cartridge.h">
      <Filter>Header Files</Filter>
    </ClInclude>
    <ClInclude Include="h\cassette.h">
      <Filter>Header Files</Filter>
    </ClInclude>
    <ClInclude Include="h\cheatengine.h">
      <Filter>Header Files</Filter>
    </ClInclude>
    <ClInclude Include="h\cio.h">
      <Filter>Header Files</Filter>
    </ClInclude>
    <ClInclude Include="h\common_png.h">
      <Filter>Header Files</Filter>
    </ClInclude>
    <ClInclude Include="h\console.h">
      <Filter>Header Files</Filter>
    </ClInclude>
    <ClInclude Include="h\covox.h">
      <Filter>Header Files</Filter>
    </ClInclude>
    <ClInclude Include="h\cpu.h">
      <Filter>Header Files</Filter>
    </ClInclude>
    <ClInclude Include="h\cpuheatmap.h">
      <Filter>Header Files</Filter>
    </ClInclude>
    <ClInclude Include="h\cpuhookmanager.h">
      <Filter>Header Files</Filter>
    </ClInclude>
    <ClInclude Include="h\cpumemory.h">
      <Filter>Header Files</Filter>
    </ClInclude>
    <ClInclude Include="h\cpustates.h">
      <Filter>Header Files</Filter>
    </ClInclude>
    <ClInclude Include="h\cs8900a.h">
      <Filter>Header Files</Filter>
    </ClInclude>
    <ClInclude Include="h\debugdisplay.h">
      <Filter>Header Files</Filter>
    </ClInclude>
    <ClInclude Include="h\debugger.h">
      <Filter>Header Files</Filter>
    </ClInclude>
    <ClInclude Include="h\debuggerexp.h">
      <Filter>Header Files</Filter>
    </ClInclude>
    <ClInclude Include="h\debuggerlog.h">
      <Filter>Header Files</Filter>
    </ClInclude>
    <ClInclude Include="h\decmath.h">
      <Filter>Header Files</Filter>
    </ClInclude>
    <ClInclude Include="h\directorywatcher.h">
      <Filter>Header Files</Filter>
    </ClInclude>
    <ClInclude Include="h\disasm.h">
      <Filter>Header Files</Filter>
    </ClInclude>
    <ClInclude Include="h\disk.h">
      <Filter>Header Files</Filter>
    </ClInclude>
    <ClInclude Include="h\dragoncart.h">
      <Filter>Header Files</Filter>
    </ClInclude>
    <ClInclude Include="h\encode_png.h">
      <Filter>Header Files</Filter>
    </ClInclude>
    <ClInclude Include="h\firmwaredetect.h">
      <Filter>Header Files</Filter>
    </ClInclude>
    <ClInclude Include="h\firmwaremanager.h">
      <Filter>Header Files</Filter>
    </ClInclude>
    <ClInclude Include="h\gtia.h">
      <Filter>Header Files</Filter>
    </ClInclude>
    <ClInclude Include="h\gtiarenderer.h">
      <Filter>Header Files</Filter>
    </ClInclude>
    <ClInclude Include="h\gtiatables.h">
      <Filter>Header Files</Filter>
    </ClInclude>
    <ClInclude Include="h\hlebasicloader.h">
      <Filter>Header Files</Filter>
    </ClInclude>
    <ClInclude Include="h\hleciohook.h">
      <Filter>Header Files</Filter>
    </ClInclude>
    <ClInclude Include="h\hlefastboothook.h">
      <Filter>Header Files</Filter>
    </ClInclude>
    <ClInclude Include="h\hlefpaccelerator.h">
      <Filter>Header Files</Filter>
    </ClInclude>
    <ClInclude Include="h\hleprogramloader.h">
      <Filter>Header Files</Filter>
    </ClInclude>
    <ClInclude Include="h\hleutils.h">
      <Filter>Header Files</Filter>
    </ClInclude>
    <ClInclude Include="h\hostdevice.h">
      <Filter>Header Files</Filter>
    </ClInclude>
    <ClInclude Include="h\hostdeviceutils.h">
      <Filter>Header Files</Filter>
    </ClInclude>
    <ClInclude Include="h\ide.h">
      <Filter>Header Files</Filter>
    </ClInclude>
    <ClInclude Include="h\idephysdisk.h">
      <Filter>Header Files</Filter>
    </ClInclude>
    <ClInclude Include="h\iderawimage.h">
      <Filter>Header Files</Filter>
    </ClInclude>
    <ClInclude Include="h\idevhdimage.h">
      <Filter>Header Files</Filter>
    </ClInclude>
    <ClInclude Include="h\inputcontroller.h">
      <Filter>Header Files</Filter>
    </ClInclude>
    <ClInclude Include="h\inputmanager.h">
      <Filter>Header Files</Filter>
    </ClInclude>
    <ClInclude Include="h\irqcontroller.h">
      <Filter>Header Files</Filter>
    </ClInclude>
    <ClInclude Include="h\joystick.h">
      <Filter>Header Files</Filter>
    </ClInclude>
    <ClInclude Include="h\kerneldb.h">
      <Filter>Header Files</Filter>
    </ClInclude>
    <ClInclude Include="h\kmkjzide.h">
      <Filter>Header Files</Filter>
    </ClInclude>
    <ClInclude Include="h\ksyms.h">
      <Filter>Header Files</Filter>
    </ClInclude>
    <ClInclude Include="h\memorymanager.h">
      <Filter>Header Files</Filter>
    </ClInclude>
    <ClInclude Include="h\mmu.h">
      <Filter>Header Files</Filter>
    </ClInclude>
    <ClInclude Include="h\modem.h">
      <Filter>Header Files</Filter>
    </ClInclude>
    <ClInclude Include="h\modemtcp.h">
      <Filter>Header Files</Filter>
    </ClInclude>
    <ClInclude Include="h\myide.h">
      <Filter>Header Files</Filter>
    </ClInclude>
    <ClInclude Include="h\options.h">
      <Filter>Header Files</Filter>
    </ClInclude>
    <ClInclude Include="h\oshelper.h">
      <Filter>Header Files</Filter>
    </ClInclude>
    <ClInclude Include="h\pbi.h">
      <Filter>Header Files</Filter>
    </ClInclude>
    <ClInclude Include="h\pclink.h">
      <Filter>Header Files</Filter>
    </ClInclude>
    <ClInclude Include="h\pia.h">
      <Filter>Header Files</Filter>
    </ClInclude>
    <ClInclude Include="h\pokey.h">
      <Filter>Header Files</Filter>
    </ClInclude>
    <ClInclude Include="h\pokeyrenderer.h">
      <Filter>Header Files</Filter>
    </ClInclude>
    <ClInclude Include="h\pokeytables.h">
      <Filter>Header Files</Filter>
    </ClInclude>
    <ClInclude Include="h\profiler.h">
      <Filter>Header Files</Filter>
    </ClInclude>
    <ClInclude Include="res\resource.h">
      <Filter>Header Files</Filter>
    </ClInclude>
    <ClInclude Include="h\rs232.h">
      <Filter>Header Files</Filter>
    </ClInclude>
    <ClInclude Include="h\rtime8.h">
      <Filter>Header Files</Filter>
    </ClInclude>
    <ClInclude Include="h\savestate.h">
      <Filter>Header Files</Filter>
    </ClInclude>
    <ClInclude Include="h\side.h">
      <Filter>Header Files</Filter>
    </ClInclude>
    <ClInclude Include="h\simeventmanager.h">
      <Filter>Header Files</Filter>
    </ClInclude>
    <ClInclude Include="h\simulator.h">
      <Filter>Header Files</Filter>
    </ClInclude>
    <ClInclude Include="h\siomanager.h">
      <Filter>Header Files</Filter>
    </ClInclude>
    <ClInclude Include="h\slightsid.h">
      <Filter>Header Files</Filter>
    </ClInclude>
    <ClInclude Include="h\soundboard.h">
      <Filter>Header Files</Filter>
    </ClInclude>
    <ClInclude Include="h\symbols.h">
      <Filter>Header Files</Filter>
    </ClInclude>
    <ClInclude Include="h\textdom.h">
      <Filter>Header Files</Filter>
    </ClInclude>
    <ClInclude Include="h\texteditor.h">
      <Filter>Header Files</Filter>
    </ClInclude>
    <ClInclude Include="h\uicaptionupdater.h">
      <Filter>Header Files</Filter>
    </ClInclude>
    <ClInclude Include="h\uicommondialogs.h">
      <Filter>Header Files</Filter>
    </ClInclude>
    <ClInclude Include="h\uidisplay.h">
      <Filter>Header Files</Filter>
    </ClInclude>
    <ClInclude Include="h\uienhancedtext.h">
      <Filter>Header Files</Filter>
    </ClInclude>
    <ClInclude Include="h\uifilebrowser.h">
      <Filter>Header Files</Filter>
    </ClInclude>
    <ClInclude Include="h\uiinstance.h">
      <Filter>Header Files</Filter>
    </ClInclude>
    <ClInclude Include="h\uikeyboard.h">
      <Filter>Header Files</Filter>
    </ClInclude>
    <ClInclude Include="h\uimenu.h">
      <Filter>Header Files</Filter>
    </ClInclude>
    <ClInclude Include="h\uimessagebox.h">
      <Filter>Header Files</Filter>
    </ClInclude>
    <ClInclude Include="h\uimrulist.h">
      <Filter>Header Files</Filter>
    </ClInclude>
    <ClInclude Include="h\uionscreenkeyboard.h">
      <Filter>Header Files</Filter>
    </ClInclude>
    <ClInclude Include="h\uiportmenus.h">
      <Filter>Header Files</Filter>
    </ClInclude>
    <ClInclude Include="h\uiprofiler.h">
      <Filter>Header Files</Filter>
    </ClInclude>
    <ClInclude Include="h\uiprogress.h">
      <Filter>Header Files</Filter>
    </ClInclude>
    <ClInclude Include="h\uiqueue.h">
      <Filter>Header Files</Filter>
    </ClInclude>
    <ClInclude Include="h\uirender.h">
      <Filter>Header Files</Filter>
    </ClInclude>
    <ClInclude Include="h\uitypes.h">
      <Filter>Header Files</Filter>
    </ClInclude>
    <ClInclude Include="h\uivideodisplaywindow.h">
      <Filter>Header Files</Filter>
    </ClInclude>
    <ClInclude Include="h\ultimate1mb.h">
      <Filter>Header Files</Filter>
    </ClInclude>
    <ClInclude Include="h\vbxe.h">
      <Filter>Header Files</Filter>
    </ClInclude>
    <ClInclude Include="h\verifier.h">
      <Filter>Header Files</Filter>
    </ClInclude>
    <ClInclude Include="h\versioninfo.h">
      <Filter>Header Files</Filter>
    </ClInclude>
    <ClInclude Include="h\videowriter.h">
      <Filter>Header Files</Filter>
    </ClInclude>
    <ClInclude Include="h\virtualscreen.h">
      <Filter>Header Files</Filter>
    </ClInclude>
    <ClInclude Include="h\xep80.h">
      <Filter>Header Files</Filter>
    </ClInclude>
    <ClInclude Include="h\stdafx.h">
      <Filter>Precompiled Headers</Filter>
    </ClInclude>
    <ClInclude Include="h\blackbox.h">
      <Filter>Header Files</Filter>
    </ClInclude>
    <ClInclude Include="h\scsidisk.h">
      <Filter>Header Files</Filter>
    </ClInclude>
    <ClInclude Include="h\mio.h">
      <Filter>Header Files</Filter>
    </ClInclude>
    <ClInclude Include="h\uisettingswindow.h">
      <Filter>Header Files</Filter>
    </ClInclude>
    <ClInclude Include="h\uiaccessors.h">
      <Filter>Header Files</Filter>
    </ClInclude>
    <ClInclude Include="h\uifilefilters.h">
      <Filter>Header Files</Filter>
    </ClInclude>
    <ClInclude Include="h\sdrive.h">
      <Filter>Header Files</Filter>
    </ClInclude>
    <ClInclude Include="h\veronica.h">
      <Filter>Header Files</Filter>
    </ClInclude>
    <ClInclude Include="h\debugtarget.h">
      <Filter>Header Files</Filter>
    </ClInclude>
    <ClInclude Include="h\sio2sd.h">
      <Filter>Header Files</Filter>
    </ClInclude>
    <ClInclude Include="..\ATNativeUI\res\resource.h">
      <Filter>Header Files</Filter>
    </ClInclude>
    <ClInclude Include="h\sapwriter.h">
      <Filter>Header Files</Filter>
    </ClInclude>
    <ClInclude Include="h\sapconverter.h">
      <Filter>Header Files</Filter>
    </ClInclude>
    <ClInclude Include="h\cmdhelpers.h">
      <Filter>Header Files</Filter>
    </ClInclude>
    <ClInclude Include="h\uiclipboard.h">
      <Filter>Header Files</Filter>
    </ClInclude>
    <ClInclude Include="h\settings.h">
      <Filter>Header Files</Filter>
    </ClInclude>
    <ClInclude Include="h\cartridgeport.h">
      <Filter>Header Files</Filter>
    </ClInclude>
    <ClInclude Include="h\pbidisk.h">
      <Filter>Header Files</Filter>
    </ClInclude>
    <ClInclude Include="h\compatedb.h">
      <Filter>Header Files</Filter>
    </ClInclude>
    <ClInclude Include="h\compatdb.h">
      <Filter>Header Files</Filter>
    </ClInclude>
    <ClInclude Include="h\uicompat.h">
      <Filter>Header Files</Filter>
    </ClInclude>
    <ClInclude Include="h\compatengine.h">
      <Filter>Header Files</Filter>
    </ClInclude>
    <ClInclude Include="h\diskdrivefull.h">
      <Filter>Header Files</Filter>
    </ClInclude>
    <ClInclude Include="h\fdc.h">
      <Filter>Header Files</Filter>
    </ClInclude>
    <ClInclude Include="h\diskdriveindusgt.h">
      <Filter>Header Files</Filter>
    </ClInclude>
    <ClInclude Include="h\diskdrivexf551.h">
      <Filter>Header Files</Filter>
    </ClInclude>
    <ClInclude Include="h\audiorawsource.h">
      <Filter>Header Files</Filter>
    </ClInclude>
    <ClInclude Include="h\diskinterface.h">
      <Filter>Header Files</Filter>
    </ClInclude>
    <ClInclude Include="h\diskdriveatr8000.h">
      <Filter>Header Files</Filter>
    </ClInclude>
    <ClInclude Include="h\diskdrivepercom.h">
      <Filter>Header Files</Filter>
    </ClInclude>
    <ClInclude Include="h\uiconfirm.h">
      <Filter>Header Files</Filter>
    </ClInclude>
    <ClInclude Include="h\browser.h">
      <Filter>Header Files</Filter>
    </ClInclude>
    <ClInclude Include="h\trace.h">
      <Filter>Header Files</Filter>
    </ClInclude>
    <ClInclude Include="h\cputracer.h">
      <Filter>Header Files</Filter>
    </ClInclude>
    <ClInclude Include="h\tracevideo.h">
      <Filter>Header Files</Filter>
    </ClInclude>
    <ClInclude Include="h\decode_png.h">
      <Filter>Header Files</Filter>
    </ClInclude>
    <ClInclude Include="h\tracecpu.h">
      <Filter>Header Files</Filter>
    </ClInclude>
    <ClInclude Include="h\uihistoryview.h">
      <Filter>Header Files</Filter>
    </ClInclude>
    <ClInclude Include="h\xelcf.h">
      <Filter>Header Files</Filter>
    </ClInclude>
    <ClInclude Include="h\tracetape.h">
      <Filter>Header Files</Filter>
    </ClInclude>
    <ClInclude Include="h\rapidus.h">
      <Filter>Header Files</Filter>
    </ClInclude>
    <ClInclude Include="h\profilerui.h">
      <Filter>Header Files</Filter>
    </ClInclude>
    <ClInclude Include="h\uipageddialog.h">
      <Filter>Header Files</Filter>
    </ClInclude>
    <ClInclude Include="h\constants.h">
      <Filter>Header Files</Filter>
    </ClInclude>
    <ClInclude Include="h\uifirmwaremenu.h">
      <Filter>Header Files</Filter>
    </ClInclude>
    <ClInclude Include="h\uidevices.h">
      <Filter>Header Files</Filter>
    </ClInclude>
    <ClInclude Include="h\audiosampleplayer.h">
      <Filter>Header Files</Filter>
    </ClInclude>
    <ClInclude Include="h\diskdrivefullbase.h">
      <Filter>Header Files</Filter>
    </ClInclude>
    <ClInclude Include="h\uiconfmodem.h">
      <Filter>Header Files</Filter>
    </ClInclude>
    <ClInclude Include="h\mediamanager.h">
      <Filter>Header Files</Filter>
    </ClInclude>
    <ClInclude Include="h\uidragdrop.h">
      <Filter>Header Files</Filter>
    </ClInclude>
    <ClInclude Include="h\warpos.h">
      <Filter>Header Files</Filter>
    </ClInclude>
  </ItemGroup>
  <ItemGroup>
    <None Include="h\cpumachine.inl">
      <Filter>Header Files</Filter>
    </None>
    <None Include="..\..\out\release\850handler.bin">
      <Filter>Resource Files</Filter>
    </None>
    <None Include="..\..\out\debug\850handler.bin">
      <Filter>Resource Files</Filter>
    </None>
    <None Include="..\..\out\release\850relocator.bin">
      <Filter>Resource Files</Filter>
    </None>
    <None Include="..\..\out\debug\850relocator.bin">
      <Filter>Resource Files</Filter>
    </None>
    <None Include="res\about.txt">
      <Filter>Resource Files</Filter>
    </None>
    <None Include="..\..\out\release\atbasic.bin">
      <Filter>Resource Files</Filter>
    </None>
    <None Include="..\..\out\debug\atdiskloader128.bin">
      <Filter>Resource Files</Filter>
    </None>
    <None Include="..\..\out\release\atdiskloader128.bin">
      <Filter>Resource Files</Filter>
    </None>
    <None Include="..\..\out\debug\basic.rom">
      <Filter>Resource Files</Filter>
    </None>
    <None Include="..\..\out\release\basic.rom">
      <Filter>Resource Files</Filter>
    </None>
    <None Include="..\..\out\debug\bootsecdos2.bin">
      <Filter>Resource Files</Filter>
    </None>
    <None Include="..\..\out\release\bootsecdos2.bin">
      <Filter>Resource Files</Filter>
    </None>
    <None Include="res\changes.txt">
      <Filter>Resource Files</Filter>
    </None>
    <None Include="res\dbghelp.txt">
      <Filter>Resource Files</Filter>
    </None>
    <None Include="res\DiskSpin.pcm">
      <Filter>Resource Files</Filter>
    </None>
    <None Include="res\eject.ico">
      <Filter>Resource Files</Filter>
    </None>
    <None Include="..\..\out\debug\hlekernel.rom">
      <Filter>Resource Files</Filter>
    </None>
    <None Include="..\..\out\release\hlekernel.rom">
      <Filter>Resource Files</Filter>
    </None>
    <None Include="..\..\out\release\kernel.rom">
      <Filter>Resource Files</Filter>
    </None>
    <None Include="..\..\out\debug\kernel.rom">
      <Filter>Resource Files</Filter>
    </None>
    <None Include="..\..\out\debug\kernelxl.rom">
      <Filter>Resource Files</Filter>
    </None>
    <None Include="..\..\out\release\kernelxl.rom">
      <Filter>Resource Files</Filter>
    </None>
    <None Include="res\menu_default.txt">
      <Filter>Resource Files</Filter>
    </None>
    <None Include="..\..\out\Debug\nocartridge.rom">
      <Filter>Resource Files</Filter>
    </None>
    <None Include="..\..\out\Release\nocartridge.rom">
      <Filter>Resource Files</Filter>
    </None>
    <None Include="..\..\out\debug\nogame.rom">
      <Filter>Resource Files</Filter>
    </None>
    <None Include="..\..\out\release\nogame.rom">
      <Filter>Resource Files</Filter>
    </None>
    <None Include="..\..\out\debug\nohdbios.rom">
      <Filter>Resource Files</Filter>
    </None>
    <None Include="..\..\out\release\nohdbios.rom">
      <Filter>Resource Files</Filter>
    </None>
    <None Include="..\..\out\release\nokernel.rom">
      <Filter>Resource Files</Filter>
    </None>
    <None Include="..\..\out\debug\nokernel.rom">
      <Filter>Resource Files</Filter>
    </None>
    <None Include="res\profilerToolbar.bmp">
      <Filter>Resource Files</Filter>
    </None>
    <None Include="res\program.ico">
      <Filter>Resource Files</Filter>
    </None>
    <None Include="..\..\out\Debug\superkernel.rom">
      <Filter>Resource Files</Filter>
    </None>
    <None Include="..\..\out\Release\superkernel.rom">
      <Filter>Resource Files</Filter>
    </None>
    <None Include="res\target.cur">
      <Filter>Resource Files</Filter>
    </None>
    <None Include="res\targetoff.cur">
      <Filter>Resource Files</Filter>
    </None>
    <None Include="res\TrackStep.pcm">
      <Filter>Resource Files</Filter>
    </None>
    <None Include="res\TrackStep2.pcm">
      <Filter>Resource Files</Filter>
    </None>
    <None Include="..\..\out\debug\ultimate.lzrom">
      <Filter>Resource Files</Filter>
    </None>
    <None Include="..\..\out\release\ultimate.lzrom">
      <Filter>Resource Files</Filter>
    </None>
    <None Include="manifest\comctl6_x64.manifest">
      <Filter>Manifest Files</Filter>
    </None>
    <None Include="manifest\comctl6.manifest">
      <Filter>Manifest Files</Filter>
    </None>
    <None Include="res\kernel1.bin">
      <Filter>Resource Files</Filter>
    </None>
    <None Include="res\kernel2.bin">
      <Filter>Resource Files</Filter>
    </None>
    <None Include="res\kernel3.bin">
      <Filter>Resource Files</Filter>
    </None>
    <None Include="..\..\out\release\1030handler.bin">
      <Filter>Resource Files</Filter>
    </None>
    <None Include="..\..\out\release\1030firmware.bin">
      <Filter>Resource Files</Filter>
    </None>
    <None Include="h\gtiarenderer_ssse3_intrin.inl">
      <Filter>Header Files</Filter>
    </None>
    <None Include="h\gtia_sse2_intrin.inl">
      <Filter>Header Files</Filter>
    </None>
    <None Include="autogen\playsap-r.inl">
      <Filter>Autogenerated Files</Filter>
    </None>
    <None Include="autogen\playsap-b.inl">
      <Filter>Autogenerated Files</Filter>
    </None>
    <None Include="autogen\playsap-c.inl">
      <Filter>Autogenerated Files</Filter>
    </None>
    <None Include="autogen\playsap-d-ntsc.inl">
      <Filter>Autogenerated Files</Filter>
    </None>
    <None Include="autogen\playsap-d-pal.inl">
      <Filter>Autogenerated Files</Filter>
    </None>
    <None Include="autogen\xep80_font_internal.inl">
      <Filter>Autogenerated Files</Filter>
    </None>
    <None Include="autogen\xep80_font_intl.inl">
      <Filter>Autogenerated Files</Filter>
    </None>
    <None Include="autogen\xep80_font_normal.inl">
      <Filter>Autogenerated Files</Filter>
    </None>
    <None Include="res\romset.html">
      <Filter>Resource Files</Filter>
    </None>
    <None Include="..\..\out\release\noblackbox.lzrom">
      <Filter>Resource Files</Filter>
    </None>
    <None Include="..\..\out\release\nomio.lzrom">
      <Filter>Resource Files</Filter>
    </None>
    <None Include="res\TrackStep3.pcm">
      <Filter>Resource Files</Filter>
    </None>
    <None Include="res\compatdb.atcpengine">
      <Filter>Resource Files</Filter>
    </None>
    <None Include="..\..\obj\Release\Kernel\rapidflash.lzrom" />
    <None Include="..\..\out\Release\rapidpbi16.bin">
      <Filter>Resource Files</Filter>
    </None>
    <None Include="..\..\out\release\kernel816.rom" />
    <None Include="h\gtiarenderer_neon.inl">
      <Filter>Header Files</Filter>
    </None>
    <None Include="h\gtia_neon.inl">
      <Filter>Header Files</Filter>
    </None>
    <None Include="h\antic_sse2.inl">
      <Filter>Header Files</Filter>
    </None>
    <None Include="manifest\comctl6_arm64.manifest">
      <Filter>Manifest Files</Filter>
    </None>
  </ItemGroup>
  <ItemGroup>
    <ResourceCompile Include="res\Altirra.rc">
      <Filter>Resource Files</Filter>
    </ResourceCompile>
    <ResourceCompile Include="..\ATNativeUI\res\atnativeui.rc">
      <Filter>Resource Files</Filter>
    </ResourceCompile>
  </ItemGroup>
  <ItemGroup>
    <Resource Include="res\AltirraExtIcons.res">
      <Filter>Resource Files</Filter>
    </Resource>
  </ItemGroup>
  <ItemGroup>
    <Manifest Include="manifest\win7.manifest">
      <Filter>Manifest Files</Filter>
    </Manifest>
  </ItemGroup>
  <ItemGroup>
    <CompileRawFont Include="data\xep80_font_internal.bmp">
      <Filter>Data Files</Filter>
    </CompileRawFont>
    <CompileRawFont Include="data\xep80_font_intl.bmp">
      <Filter>Data Files</Filter>
    </CompileRawFont>
    <CompileRawFont Include="data\xep80_font_normal.bmp">
      <Filter>Data Files</Filter>
    </CompileRawFont>
  </ItemGroup>
  <ItemGroup>
    <YASM Include="source\gtiarenderer_ssse3.asm">
      <Filter>Assembly Files</Filter>
    </YASM>
    <YASM Include="source\gtia_sse2.asm">
      <Filter>Assembly Files</Filter>
    </YASM>
  </ItemGroup>
  <ItemGroup>
    <PackResource Include="..\..\obj\Release\Kernel\playsap-b.xex">
      <Filter>Autogen Intermediate Files</Filter>
    </PackResource>
    <PackResource Include="..\..\obj\Release\Kernel\playsap-c.xex">
      <Filter>Autogen Intermediate Files</Filter>
    </PackResource>
    <PackResource Include="..\..\obj\Release\Kernel\playsap-r.xex">
      <Filter>Autogen Intermediate Files</Filter>
    </PackResource>
    <PackResource Include="..\..\obj\Release\Kernel\pbidisk.bin">
      <Filter>Resource Files</Filter>
    </PackResource>
    <PackResource Include="..\..\obj\Release\Kernel\playsap-d-ntsc.xex">
      <Filter>Autogen Intermediate Files</Filter>
    </PackResource>
    <PackResource Include="..\..\obj\Release\Kernel\playsap-d-pal.xex">
      <Filter>Autogen Intermediate Files</Filter>
    </PackResource>
  </ItemGroup>
  <ItemGroup>
    <Image Include="traceViewerToolbar.png">
      <Filter>Resource Files</Filter>
    </Image>
    <Image Include="res\traceViewerToolbar.png">
      <Filter>Resource Files</Filter>
    </Image>
    <Image Include="res\profilerToolbar.png">
      <Filter>Resource Files</Filter>
    </Image>
    <Image Include="res\warning.png">
      <Filter>Resource Files</Filter>
    </Image>
  </ItemGroup>
  <ItemGroup>
    <Text Include="res\cmdhelp.txt">
      <Filter>Resource Files</Filter>
    </Text>
  </ItemGroup>
</Project>